// !$*UTF8*$!
{
	archiveVersion = 1;
	classes = {
	};
	objectVersion = 77;
	objects = {

/* Begin PBXBuildFile section */
		03296060BF5FB3A7BE275A3F /* FormatTests.swift in Sources */ = {isa = PBXBuildFile; fileRef = 2725701974314A157E245FDA /* FormatTests.swift */; };
		0D5DCD9E13CB661FE5AE7B51 /* AppSupport.swift in Sources */ = {isa = PBXBuildFile; fileRef = 3279F7913C92409BB1AF1DA6 /* AppSupport.swift */; };
		1227CA54F20564BED3EB6C1F /* SignInSheet.swift in Sources */ = {isa = PBXBuildFile; fileRef = 717A87D06ABCD6897985A5C5 /* SignInSheet.swift */; };
		14A6A2EB2BF9A98BB551D3C4 /* ProviderSignInWebView.swift in Sources */ = {isa = PBXBuildFile; fileRef = A7F45872A7C9BED32A7EF285 /* ProviderSignInWebView.swift */; };
		161268D0790B1A1171F93982 /* ProviderSignInSheet.swift in Sources */ = {isa = PBXBuildFile; fileRef = E95834C31951FCB847999C8F /* ProviderSignInSheet.swift */; };
		1658B69012AD995B68DF24B3 /* OpenCodeUsagePoller.swift in Sources */ = {isa = PBXBuildFile; fileRef = 854AC4F1B2ED9E269EF7448F /* OpenCodeUsagePoller.swift */; };
		167FE8B7DB69C2FF5127E5E3 /* ColorPaletteTests.swift in Sources */ = {isa = PBXBuildFile; fileRef = B4F28E0F2F6F5A329BBC355B /* ColorPaletteTests.swift */; };
		18C70151AF1092F04A2B584F /* JSONTests.swift in Sources */ = {isa = PBXBuildFile; fileRef = 569E518C3143577CCC6037DC /* JSONTests.swift */; };
		20237BA8A4BC4BDB457C39F2 /* AppSupportTests.swift in Sources */ = {isa = PBXBuildFile; fileRef = 00417B44103EC226D30433E4 /* AppSupportTests.swift */; };
		231FF51628468CB662AFBB37 /* DailyUsageChartView.swift in Sources */ = {isa = PBXBuildFile; fileRef = E9A3B658277C4EB4E852140F /* DailyUsageChartView.swift */; };
		321B0B9477DCE9F4F8EB394A /* JSON.swift in Sources */ = {isa = PBXBuildFile; fileRef = 0FB8EE74371560F24F79D3C8 /* JSON.swift */; };
		3B8F549E4BC3020A79348338 /* CursorAuthSession.swift in Sources */ = {isa = PBXBuildFile; fileRef = 189F5F426D30B08262DFC62D /* CursorAuthSession.swift */; };
		3D19AA4837ED67DBD07FE19B /* ConcentricUsageRingView.swift in Sources */ = {isa = PBXBuildFile; fileRef = AD0A7B7A656020E6091D3D65 /* ConcentricUsageRingView.swift */; };
		3FE4F40D227B615B43BD63E8 /* DailyUsageBuilder.swift in Sources */ = {isa = PBXBuildFile; fileRef = 1509BC8B86B373E41A7B434B /* DailyUsageBuilder.swift */; };
		42730C646697D5DBA1CB7AEC /* UsageParsingTests.swift in Sources */ = {isa = PBXBuildFile; fileRef = FE9AFADCBFFDCA6DB45F94FA /* UsageParsingTests.swift */; };
		517F38534689FB98A8B34E71 /* GrokHourlyActivityStore.swift in Sources */ = {isa = PBXBuildFile; fileRef = 314213C6E5AD88EA42A3E4F5 /* GrokHourlyActivityStore.swift */; };
		584DC7093AEE5CE23875FF1D /* AppDelegate.swift in Sources */ = {isa = PBXBuildFile; fileRef = E4400C4A584481A0AB736F2A /* AppDelegate.swift */; };
		5CD888F6807A7DE2DADE167D /* FileBackedStringStore.swift in Sources */ = {isa = PBXBuildFile; fileRef = 34AC54FDC3F50AB34C20A69B /* FileBackedStringStore.swift */; };
		5D67998D6EEEE907A5DB6D52 /* ProviderLogo.swift in Sources */ = {isa = PBXBuildFile; fileRef = 767649831043A53AFEEF92C6 /* ProviderLogo.swift */; };
		5E51F56B75089E4995B4EAD5 /* OpenCodeConsoleClient.swift in Sources */ = {isa = PBXBuildFile; fileRef = 228638A53D1D31FF91BAC99B /* OpenCodeConsoleClient.swift */; };
		6B98D582F10644D8BEF48214 /* OpenCodeSignInSheet.swift in Sources */ = {isa = PBXBuildFile; fileRef = DB80842F0137655E41D704E4 /* OpenCodeSignInSheet.swift */; };
		707BC444DC41A614A08C07DB /* Assets.xcassets in Resources */ = {isa = PBXBuildFile; fileRef = B3046CC07F632DCEF443B07E /* Assets.xcassets */; };
		74E367282CADFB07A188A974 /* CursorLimitBar.swift in Sources */ = {isa = PBXBuildFile; fileRef = D66141862744C5BF47AF2E42 /* CursorLimitBar.swift */; };
		7B153CEFEF0E0DEA88C973E0 /* MenuBarStatusRenderer.swift in Sources */ = {isa = PBXBuildFile; fileRef = 4277070BFB3BC0D9A99AF566 /* MenuBarStatusRenderer.swift */; };
		7B4C8EB6B14366DFE531BE06 /* CursorUsageClient.swift in Sources */ = {isa = PBXBuildFile; fileRef = C3179EB3EBA85C3F779D4CB6 /* CursorUsageClient.swift */; };
		8687B5EA1EFECA0E91DA604A /* PollingLoop.swift in Sources */ = {isa = PBXBuildFile; fileRef = 8ED8767CDA533C70731A8C9E /* PollingLoop.swift */; };
		8A28075E7F08DD6D41D305C6 /* CursorPanelView.swift in Sources */ = {isa = PBXBuildFile; fileRef = D130917EDCA56F1D054BE88A /* CursorPanelView.swift */; };
		8A9F8A0E26BF703460330609 /* HistoryChartView.swift in Sources */ = {isa = PBXBuildFile; fileRef = C96DAA58C731E324070AAA5F /* HistoryChartView.swift */; };
		8B3E2C409291B1FBA412EFCB /* CursorModels.swift in Sources */ = {isa = PBXBuildFile; fileRef = FBA5E86F4D3ED84F7EC18D6F /* CursorModels.swift */; };
		8DF5D08CA84FC9151192349D /* Format.swift in Sources */ = {isa = PBXBuildFile; fileRef = 818A0DC01A9B92063E8C9BEA /* Format.swift */; };
		93A8FCC42B24BA2050784094 /* UsagePoller.swift in Sources */ = {isa = PBXBuildFile; fileRef = B20EF2B6AD6A966F4A35C0FF /* UsagePoller.swift */; };
		93E6C0C37082D3F33C10A70B /* MenuBarPanelView.swift in Sources */ = {isa = PBXBuildFile; fileRef = 446018035BE5922D870EA004 /* MenuBarPanelView.swift */; };
		953A833D4CD905DA0DF03CD9 /* WebKitCookieStore.swift in Sources */ = {isa = PBXBuildFile; fileRef = 610375DD1667B011870B4AB1 /* WebKitCookieStore.swift */; };
		9F63213A69D8385588D743A2 /* HistoryStore.swift in Sources */ = {isa = PBXBuildFile; fileRef = 9B6500EF3E88D1D4CF3D1676 /* HistoryStore.swift */; };
		A20E35F0710D89424C4C4865 /* OpenCodeModels.swift in Sources */ = {isa = PBXBuildFile; fileRef = 95EB8C12E58AB6F87D76BF60 /* OpenCodeModels.swift */; };
		A443CD2166B7410B76C3EFEC /* CursorUsageClientTests.swift in Sources */ = {isa = PBXBuildFile; fileRef = 0692774F022CE9B9D055C30A /* CursorUsageClientTests.swift */; };
		A4B777A58A26B508E69F78A5 /* OpenCodePanelView.swift in Sources */ = {isa = PBXBuildFile; fileRef = 177D0419C4BF0C0997350FD5 /* OpenCodePanelView.swift */; };
		A59EBC89F193730905AD92E1 /* PanelTypography.swift in Sources */ = {isa = PBXBuildFile; fileRef = F258951FC4B782CFF45AB638 /* PanelTypography.swift */; };
		AA0610515666D4631487ADD8 /* OpenCodeLimitBar.swift in Sources */ = {isa = PBXBuildFile; fileRef = 852447772D1595F28A49CFC2 /* OpenCodeLimitBar.swift */; };
		AC8975DC19B8ADC67D9037C4 /* PrivacyInfo.xcprivacy in Resources */ = {isa = PBXBuildFile; fileRef = F2B63F36CBAA0ED15D0B1DBC /* PrivacyInfo.xcprivacy */; };
		AD8AB867FBE093DB8C294C93 /* UsageClient.swift in Sources */ = {isa = PBXBuildFile; fileRef = BFAB9F0AD36948F3B7D12DAE /* UsageClient.swift */; };
		B353DD04D159B019968066B9 /* AppSettings.swift in Sources */ = {isa = PBXBuildFile; fileRef = 030E8530B782E0DB6DAA8747 /* AppSettings.swift */; };
		B67084DDE9A2A63F17481016 /* CategoryRow.swift in Sources */ = {isa = PBXBuildFile; fileRef = 3B4547653A3A7043E462B0FF /* CategoryRow.swift */; };
		BAA93D6718E65AD60FD9A48F /* OpenCodeZenCostEstimate.swift in Sources */ = {isa = PBXBuildFile; fileRef = 8981B32F2BB55595D1393688 /* OpenCodeZenCostEstimate.swift */; };
		C25932715A151697DE0038D2 /* OpenCodeConsoleClientTests.swift in Sources */ = {isa = PBXBuildFile; fileRef = AB9D9327EB55C7F24680D42B /* OpenCodeConsoleClientTests.swift */; };
		C88DB6A6BC024853989283EC /* ThresholdNotifier.swift in Sources */ = {isa = PBXBuildFile; fileRef = F6812EA9693A2E1EE8AC63B0 /* ThresholdNotifier.swift */; };
		C8E725E4F8DD80E47DB4CA26 /* GrokPanelView.swift in Sources */ = {isa = PBXBuildFile; fileRef = 5FC7B357F04BA5D19736B34C /* GrokPanelView.swift */; };
		CDDC9F0DBC77CE5EA64B6297 /* ModelMonitorApp.swift in Sources */ = {isa = PBXBuildFile; fileRef = A1871AB05FD91E499E889A38 /* ModelMonitorApp.swift */; };
		D230142CCE5683005A8227FD /* Percent.swift in Sources */ = {isa = PBXBuildFile; fileRef = CB234AB154182C9C3239E3FA /* Percent.swift */; };
		D37302FC068AE5501BA9DAC7 /* OverviewHourlyUsageChart.swift in Sources */ = {isa = PBXBuildFile; fileRef = 5F422F3BD1BE4CCB3CAED94E /* OverviewHourlyUsageChart.swift */; };
		D63DED6C1D6E4FBF4FC6805E /* OpenCodeLocalStats.swift in Sources */ = {isa = PBXBuildFile; fileRef = 435DE77252CDDDAC249FC79E /* OpenCodeLocalStats.swift */; };
		D77EA7C65F4122857FE22F98 /* ExportService.swift in Sources */ = {isa = PBXBuildFile; fileRef = 884F7BB305259F769DF77BFD /* ExportService.swift */; };
		DB2DA3053F7434A77E8C4A28 /* PreferencesView.swift in Sources */ = {isa = PBXBuildFile; fileRef = D8111A6E11A763A44A3F8CEF /* PreferencesView.swift */; };
		DBD2CC3DAEBF68EE8EE64561 /* CursorUsagePoller.swift in Sources */ = {isa = PBXBuildFile; fileRef = 2564322CFC536008873952DC /* CursorUsagePoller.swift */; };
		E0F40D6AEEC5A9902FBF634D /* ProviderHourlyUsage.swift in Sources */ = {isa = PBXBuildFile; fileRef = 48B2769511A0A5366A325456 /* ProviderHourlyUsage.swift */; };
		E15D98A7920375CA4F73C5AF /* ProviderSwitcherView.swift in Sources */ = {isa = PBXBuildFile; fileRef = 2FCFF7072CE110192607FB13 /* ProviderSwitcherView.swift */; };
		E9D89CE113CA5F605BA180FA /* MenuBarLabelView.swift in Sources */ = {isa = PBXBuildFile; fileRef = 1650E637D14B1BDD94C15818 /* MenuBarLabelView.swift */; };
		EA8C7A6E167A6489FB7158D0 /* WebKitCookieCapture.swift in Sources */ = {isa = PBXBuildFile; fileRef = F73CCE4E5F5B68ECD4830F3B /* WebKitCookieCapture.swift */; };
		EAAD7215E6DDE38B4DAA5963 /* ColorPalette.swift in Sources */ = {isa = PBXBuildFile; fileRef = 75F22215FA94E386AFED4540 /* ColorPalette.swift */; };
		EBDEB37FAC06EA8674832D7E /* UsageModels.swift in Sources */ = {isa = PBXBuildFile; fileRef = 4C6ADED70A756DDE39485A22 /* UsageModels.swift */; };
		ED90DD23CAA4FEB498FEEBB0 /* Domain.swift in Sources */ = {isa = PBXBuildFile; fileRef = A191F56E8920C4713E658F69 /* Domain.swift */; };
		F10E6F472A4433B0F3D0C19F /* OverviewPanelView.swift in Sources */ = {isa = PBXBuildFile; fileRef = 971C3049890C35F132F0C170 /* OverviewPanelView.swift */; };
		F5B354EBBCE021FC5A0D70BA /* SegmentedUsageBar.swift in Sources */ = {isa = PBXBuildFile; fileRef = 6CE4CEBBE0D53A478F5677E8 /* SegmentedUsageBar.swift */; };
		F7CE7B4C3E34793FB62FF9E0 /* AuthSessionService.swift in Sources */ = {isa = PBXBuildFile; fileRef = 216FCF0A86872E81A149FC05 /* AuthSessionService.swift */; };
		FA986D4098BB2327E3DDD983 /* MonitorProvider.swift in Sources */ = {isa = PBXBuildFile; fileRef = E8566CCA903FA561616877F2 /* MonitorProvider.swift */; };
		FE8B2149662289C8223B3539 /* OpenCodeStatsTests.swift in Sources */ = {isa = PBXBuildFile; fileRef = CDB9C684BC300E4B08412833 /* OpenCodeStatsTests.swift */; };
		FED37EFE0AFE1682B396BCA9 /* CursorSignInSheet.swift in Sources */ = {isa = PBXBuildFile; fileRef = F1EA2F0993715698EAE8FFF9 /* CursorSignInSheet.swift */; };
		FFBFC1D3FDE804D1692F647A /* OpenCodeAuthSession.swift in Sources */ = {isa = PBXBuildFile; fileRef = 7170604F4841619BBEE2BF01 /* OpenCodeAuthSession.swift */; };
/* End PBXBuildFile section */

/* Begin PBXContainerItemProxy section */
		DDFE98AAFE757086A25F99CE /* PBXContainerItemProxy */ = {
			isa = PBXContainerItemProxy;
			containerPortal = 6D859FDB3E03383589622933 /* Project object */;
			proxyType = 1;
			remoteGlobalIDString = 6C78668542B8BA19C69EBEEA;
			remoteInfo = ModelMonitor;
		};
/* End PBXContainerItemProxy section */

/* Begin PBXFileReference section */
		00417B44103EC226D30433E4 /* AppSupportTests.swift */ = {isa = PBXFileReference; lastKnownFileType = sourcecode.swift; path = AppSupportTests.swift; sourceTree = "<group>"; };
		030E8530B782E0DB6DAA8747 /* AppSettings.swift */ = {isa = PBXFileReference; lastKnownFileType = sourcecode.swift; path = AppSettings.swift; sourceTree = "<group>"; };
		0692774F022CE9B9D055C30A /* CursorUsageClientTests.swift */ = {isa = PBXFileReference; lastKnownFileType = sourcecode.swift; path = CursorUsageClientTests.swift; sourceTree = "<group>"; };
		0FB8EE74371560F24F79D3C8 /* JSON.swift */ = {isa = PBXFileReference; lastKnownFileType = sourcecode.swift; path = JSON.swift; sourceTree = "<group>"; };
		1509BC8B86B373E41A7B434B /* DailyUsageBuilder.swift */ = {isa = PBXFileReference; lastKnownFileType = sourcecode.swift; path = DailyUsageBuilder.swift; sourceTree = "<group>"; };
		1650E637D14B1BDD94C15818 /* MenuBarLabelView.swift */ = {isa = PBXFileReference; lastKnownFileType = sourcecode.swift; path = MenuBarLabelView.swift; sourceTree = "<group>"; };
		177D0419C4BF0C0997350FD5 /* OpenCodePanelView.swift */ = {isa = PBXFileReference; lastKnownFileType = sourcecode.swift; path = OpenCodePanelView.swift; sourceTree = "<group>"; };
		189F5F426D30B08262DFC62D /* CursorAuthSession.swift */ = {isa = PBXFileReference; lastKnownFileType = sourcecode.swift; path = CursorAuthSession.swift; sourceTree = "<group>"; };
		216FCF0A86872E81A149FC05 /* AuthSessionService.swift */ = {isa = PBXFileReference; lastKnownFileType = sourcecode.swift; path = AuthSessionService.swift; sourceTree = "<group>"; };
		228638A53D1D31FF91BAC99B /* OpenCodeConsoleClient.swift */ = {isa = PBXFileReference; lastKnownFileType = sourcecode.swift; path = OpenCodeConsoleClient.swift; sourceTree = "<group>"; };
		2564322CFC536008873952DC /* CursorUsagePoller.swift */ = {isa = PBXFileReference; lastKnownFileType = sourcecode.swift; path = CursorUsagePoller.swift; sourceTree = "<group>"; };
		2725701974314A157E245FDA /* FormatTests.swift */ = {isa = PBXFileReference; lastKnownFileType = sourcecode.swift; path = FormatTests.swift; sourceTree = "<group>"; };
		2FCFF7072CE110192607FB13 /* ProviderSwitcherView.swift */ = {isa = PBXFileReference; lastKnownFileType = sourcecode.swift; path = ProviderSwitcherView.swift; sourceTree = "<group>"; };
		314213C6E5AD88EA42A3E4F5 /* GrokHourlyActivityStore.swift */ = {isa = PBXFileReference; lastKnownFileType = sourcecode.swift; path = GrokHourlyActivityStore.swift; sourceTree = "<group>"; };
		3279F7913C92409BB1AF1DA6 /* AppSupport.swift */ = {isa = PBXFileReference; lastKnownFileType = sourcecode.swift; path = AppSupport.swift; sourceTree = "<group>"; };
		34AC54FDC3F50AB34C20A69B /* FileBackedStringStore.swift */ = {isa = PBXFileReference; lastKnownFileType = sourcecode.swift; path = FileBackedStringStore.swift; sourceTree = "<group>"; };
		3B4547653A3A7043E462B0FF /* CategoryRow.swift */ = {isa = PBXFileReference; lastKnownFileType = sourcecode.swift; path = CategoryRow.swift; sourceTree = "<group>"; };
		4277070BFB3BC0D9A99AF566 /* MenuBarStatusRenderer.swift */ = {isa = PBXFileReference; lastKnownFileType = sourcecode.swift; path = MenuBarStatusRenderer.swift; sourceTree = "<group>"; };
		435DE77252CDDDAC249FC79E /* OpenCodeLocalStats.swift */ = {isa = PBXFileReference; lastKnownFileType = sourcecode.swift; path = OpenCodeLocalStats.swift; sourceTree = "<group>"; };
		446018035BE5922D870EA004 /* MenuBarPanelView.swift */ = {isa = PBXFileReference; lastKnownFileType = sourcecode.swift; path = MenuBarPanelView.swift; sourceTree = "<group>"; };
		48B2769511A0A5366A325456 /* ProviderHourlyUsage.swift */ = {isa = PBXFileReference; lastKnownFileType = sourcecode.swift; path = ProviderHourlyUsage.swift; sourceTree = "<group>"; };
		4C6ADED70A756DDE39485A22 /* UsageModels.swift */ = {isa = PBXFileReference; lastKnownFileType = sourcecode.swift; path = UsageModels.swift; sourceTree = "<group>"; };
		569E518C3143577CCC6037DC /* JSONTests.swift */ = {isa = PBXFileReference; lastKnownFileType = sourcecode.swift; path = JSONTests.swift; sourceTree = "<group>"; };
		5F422F3BD1BE4CCB3CAED94E /* OverviewHourlyUsageChart.swift */ = {isa = PBXFileReference; lastKnownFileType = sourcecode.swift; path = OverviewHourlyUsageChart.swift; sourceTree = "<group>"; };
		5FC7B357F04BA5D19736B34C /* GrokPanelView.swift */ = {isa = PBXFileReference; lastKnownFileType = sourcecode.swift; path = GrokPanelView.swift; sourceTree = "<group>"; };
		610375DD1667B011870B4AB1 /* WebKitCookieStore.swift */ = {isa = PBXFileReference; lastKnownFileType = sourcecode.swift; path = WebKitCookieStore.swift; sourceTree = "<group>"; };
		6CE4CEBBE0D53A478F5677E8 /* SegmentedUsageBar.swift */ = {isa = PBXFileReference; lastKnownFileType = sourcecode.swift; path = SegmentedUsageBar.swift; sourceTree = "<group>"; };
		70CC7BC0A562AFC000FA273A /* Info.plist */ = {isa = PBXFileReference; lastKnownFileType = text.plist; path = Info.plist; sourceTree = "<group>"; };
		70EC7780AF1FC078DC2A17ED /* ModelMonitor.entitlements */ = {isa = PBXFileReference; lastKnownFileType = text.plist.entitlements; path = ModelMonitor.entitlements; sourceTree = "<group>"; };
		7170604F4841619BBEE2BF01 /* OpenCodeAuthSession.swift */ = {isa = PBXFileReference; lastKnownFileType = sourcecode.swift; path = OpenCodeAuthSession.swift; sourceTree = "<group>"; };
		717A87D06ABCD6897985A5C5 /* SignInSheet.swift */ = {isa = PBXFileReference; lastKnownFileType = sourcecode.swift; path = SignInSheet.swift; sourceTree = "<group>"; };
		75F22215FA94E386AFED4540 /* ColorPalette.swift */ = {isa = PBXFileReference; lastKnownFileType = sourcecode.swift; path = ColorPalette.swift; sourceTree = "<group>"; };
		767649831043A53AFEEF92C6 /* ProviderLogo.swift */ = {isa = PBXFileReference; lastKnownFileType = sourcecode.swift; path = ProviderLogo.swift; sourceTree = "<group>"; };
		818A0DC01A9B92063E8C9BEA /* Format.swift */ = {isa = PBXFileReference; lastKnownFileType = sourcecode.swift; path = Format.swift; sourceTree = "<group>"; };
		852447772D1595F28A49CFC2 /* OpenCodeLimitBar.swift */ = {isa = PBXFileReference; lastKnownFileType = sourcecode.swift; path = OpenCodeLimitBar.swift; sourceTree = "<group>"; };
		854AC4F1B2ED9E269EF7448F /* OpenCodeUsagePoller.swift */ = {isa = PBXFileReference; lastKnownFileType = sourcecode.swift; path = OpenCodeUsagePoller.swift; sourceTree = "<group>"; };
		884F7BB305259F769DF77BFD /* ExportService.swift */ = {isa = PBXFileReference; lastKnownFileType = sourcecode.swift; path = ExportService.swift; sourceTree = "<group>"; };
		8981B32F2BB55595D1393688 /* OpenCodeZenCostEstimate.swift */ = {isa = PBXFileReference; lastKnownFileType = sourcecode.swift; path = OpenCodeZenCostEstimate.swift; sourceTree = "<group>"; };
		8ED8767CDA533C70731A8C9E /* PollingLoop.swift */ = {isa = PBXFileReference; lastKnownFileType = sourcecode.swift; path = PollingLoop.swift; sourceTree = "<group>"; };
		95EB8C12E58AB6F87D76BF60 /* OpenCodeModels.swift */ = {isa = PBXFileReference; lastKnownFileType = sourcecode.swift; path = OpenCodeModels.swift; sourceTree = "<group>"; };
		971C3049890C35F132F0C170 /* OverviewPanelView.swift */ = {isa = PBXFileReference; lastKnownFileType = sourcecode.swift; path = OverviewPanelView.swift; sourceTree = "<group>"; };
		9B6500EF3E88D1D4CF3D1676 /* HistoryStore.swift */ = {isa = PBXFileReference; lastKnownFileType = sourcecode.swift; path = HistoryStore.swift; sourceTree = "<group>"; };
		9DC52CC3B3F97D5167D02B04 /* ModelMonitor.app */ = {isa = PBXFileReference; explicitFileType = wrapper.application; includeInIndex = 0; path = ModelMonitor.app; sourceTree = BUILT_PRODUCTS_DIR; };
		A1871AB05FD91E499E889A38 /* ModelMonitorApp.swift */ = {isa = PBXFileReference; lastKnownFileType = sourcecode.swift; path = ModelMonitorApp.swift; sourceTree = "<group>"; };
		A191F56E8920C4713E658F69 /* Domain.swift */ = {isa = PBXFileReference; lastKnownFileType = sourcecode.swift; path = Domain.swift; sourceTree = "<group>"; };
		A7F45872A7C9BED32A7EF285 /* ProviderSignInWebView.swift */ = {isa = PBXFileReference; lastKnownFileType = sourcecode.swift; path = ProviderSignInWebView.swift; sourceTree = "<group>"; };
		AB9D9327EB55C7F24680D42B /* OpenCodeConsoleClientTests.swift */ = {isa = PBXFileReference; lastKnownFileType = sourcecode.swift; path = OpenCodeConsoleClientTests.swift; sourceTree = "<group>"; };
		AD0A7B7A656020E6091D3D65 /* ConcentricUsageRingView.swift */ = {isa = PBXFileReference; lastKnownFileType = sourcecode.swift; path = ConcentricUsageRingView.swift; sourceTree = "<group>"; };
		B20EF2B6AD6A966F4A35C0FF /* UsagePoller.swift */ = {isa = PBXFileReference; lastKnownFileType = sourcecode.swift; path = UsagePoller.swift; sourceTree = "<group>"; };
		B3046CC07F632DCEF443B07E /* Assets.xcassets */ = {isa = PBXFileReference; lastKnownFileType = folder.assetcatalog; path = Assets.xcassets; sourceTree = "<group>"; };
		B4F28E0F2F6F5A329BBC355B /* ColorPaletteTests.swift */ = {isa = PBXFileReference; lastKnownFileType = sourcecode.swift; path = ColorPaletteTests.swift; sourceTree = "<group>"; };
		BFAB9F0AD36948F3B7D12DAE /* UsageClient.swift */ = {isa = PBXFileReference; lastKnownFileType = sourcecode.swift; path = UsageClient.swift; sourceTree = "<group>"; };
		C3179EB3EBA85C3F779D4CB6 /* CursorUsageClient.swift */ = {isa = PBXFileReference; lastKnownFileType = sourcecode.swift; path = CursorUsageClient.swift; sourceTree = "<group>"; };
		C96DAA58C731E324070AAA5F /* HistoryChartView.swift */ = {isa = PBXFileReference; lastKnownFileType = sourcecode.swift; path = HistoryChartView.swift; sourceTree = "<group>"; };
		CB234AB154182C9C3239E3FA /* Percent.swift */ = {isa = PBXFileReference; lastKnownFileType = sourcecode.swift; path = Percent.swift; sourceTree = "<group>"; };
		CDB9C684BC300E4B08412833 /* OpenCodeStatsTests.swift */ = {isa = PBXFileReference; lastKnownFileType = sourcecode.swift; path = OpenCodeStatsTests.swift; sourceTree = "<group>"; };
		D130917EDCA56F1D054BE88A /* CursorPanelView.swift */ = {isa = PBXFileReference; lastKnownFileType = sourcecode.swift; path = CursorPanelView.swift; sourceTree = "<group>"; };
		D66141862744C5BF47AF2E42 /* CursorLimitBar.swift */ = {isa = PBXFileReference; lastKnownFileType = sourcecode.swift; path = CursorLimitBar.swift; sourceTree = "<group>"; };
		D8111A6E11A763A44A3F8CEF /* PreferencesView.swift */ = {isa = PBXFileReference; lastKnownFileType = sourcecode.swift; path = PreferencesView.swift; sourceTree = "<group>"; };
		DB80842F0137655E41D704E4 /* OpenCodeSignInSheet.swift */ = {isa = PBXFileReference; lastKnownFileType = sourcecode.swift; path = OpenCodeSignInSheet.swift; sourceTree = "<group>"; };
		E329F9A4754F781507AB5F54 /* ModelMonitorTests.xctest */ = {isa = PBXFileReference; explicitFileType = wrapper.cfbundle; includeInIndex = 0; path = ModelMonitorTests.xctest; sourceTree = BUILT_PRODUCTS_DIR; };
		E4400C4A584481A0AB736F2A /* AppDelegate.swift */ = {isa = PBXFileReference; lastKnownFileType = sourcecode.swift; path = AppDelegate.swift; sourceTree = "<group>"; };
		E8566CCA903FA561616877F2 /* MonitorProvider.swift */ = {isa = PBXFileReference; lastKnownFileType = sourcecode.swift; path = MonitorProvider.swift; sourceTree = "<group>"; };
		E95834C31951FCB847999C8F /* ProviderSignInSheet.swift */ = {isa = PBXFileReference; lastKnownFileType = sourcecode.swift; path = ProviderSignInSheet.swift; sourceTree = "<group>"; };
		E9A3B658277C4EB4E852140F /* DailyUsageChartView.swift */ = {isa = PBXFileReference; lastKnownFileType = sourcecode.swift; path = DailyUsageChartView.swift; sourceTree = "<group>"; };
		F1EA2F0993715698EAE8FFF9 /* CursorSignInSheet.swift */ = {isa = PBXFileReference; lastKnownFileType = sourcecode.swift; path = CursorSignInSheet.swift; sourceTree = "<group>"; };
		F258951FC4B782CFF45AB638 /* PanelTypography.swift */ = {isa = PBXFileReference; lastKnownFileType = sourcecode.swift; path = PanelTypography.swift; sourceTree = "<group>"; };
		F2B63F36CBAA0ED15D0B1DBC /* PrivacyInfo.xcprivacy */ = {isa = PBXFileReference; path = PrivacyInfo.xcprivacy; sourceTree = "<group>"; };
		F6812EA9693A2E1EE8AC63B0 /* ThresholdNotifier.swift */ = {isa = PBXFileReference; lastKnownFileType = sourcecode.swift; path = ThresholdNotifier.swift; sourceTree = "<group>"; };
		F73CCE4E5F5B68ECD4830F3B /* WebKitCookieCapture.swift */ = {isa = PBXFileReference; lastKnownFileType = sourcecode.swift; path = WebKitCookieCapture.swift; sourceTree = "<group>"; };
		FBA5E86F4D3ED84F7EC18D6F /* CursorModels.swift */ = {isa = PBXFileReference; lastKnownFileType = sourcecode.swift; path = CursorModels.swift; sourceTree = "<group>"; };
		FE9AFADCBFFDCA6DB45F94FA /* UsageParsingTests.swift */ = {isa = PBXFileReference; lastKnownFileType = sourcecode.swift; path = UsageParsingTests.swift; sourceTree = "<group>"; };
/* End PBXFileReference section */

/* Begin PBXGroup section */
		0E209A31BD83360E552DB409 /* Grok */ = {
			isa = PBXGroup;
			children = (
				FE9AFADCBFFDCA6DB45F94FA /* UsageParsingTests.swift */,
			);
			path = Grok;
			sourceTree = "<group>";
		};
		1245ED90B98D0F6279577F67 /* Cursor */ = {
			isa = PBXGroup;
			children = (
				0692774F022CE9B9D055C30A /* CursorUsageClientTests.swift */,
			);
			path = Cursor;
			sourceTree = "<group>";
		};
		174FD5D633938548D3D336F1 /* ModelMonitor */ = {
			isa = PBXGroup;
			children = (
				A0710555E2F31B9E6482FCDA /* App */,
				9EB0FFB8658028D3E53A610E /* Features */,
				B1A6FBA788D5D9856427B144 /* Resources */,
			);
			path = ModelMonitor;
			sourceTree = "<group>";
		};
		18363340E1EA5C639CE77680 /* Alerts */ = {
			isa = PBXGroup;
			children = (
				F6812EA9693A2E1EE8AC63B0 /* ThresholdNotifier.swift */,
			);
			path = Alerts;
			sourceTree = "<group>";
		};
		254590B79B1A5CDFE6C6BF98 = {
			isa = PBXGroup;
			children = (
				174FD5D633938548D3D336F1 /* ModelMonitor */,
				FE5AC0813CFBA53C2EF1B674 /* ModelMonitorTests */,
				DAD650FFCD3867B66A22BE56 /* Products */,
			);
			sourceTree = "<group>";
		};
		2760E48AAB1F2245DDAE2E3E /* Overview */ = {
			isa = PBXGroup;
			children = (
				AD0A7B7A656020E6091D3D65 /* ConcentricUsageRingView.swift */,
				314213C6E5AD88EA42A3E4F5 /* GrokHourlyActivityStore.swift */,
				5F422F3BD1BE4CCB3CAED94E /* OverviewHourlyUsageChart.swift */,
				971C3049890C35F132F0C170 /* OverviewPanelView.swift */,
				48B2769511A0A5366A325456 /* ProviderHourlyUsage.swift */,
			);
			path = Overview;
			sourceTree = "<group>";
		};
		2D4A8BA9C3AE94FED1402DAB /* Usage */ = {
			isa = PBXGroup;
			children = (
				1509BC8B86B373E41A7B434B /* DailyUsageBuilder.swift */,
				BFAB9F0AD36948F3B7D12DAE /* UsageClient.swift */,
				4C6ADED70A756DDE39485A22 /* UsageModels.swift */,
				B20EF2B6AD6A966F4A35C0FF /* UsagePoller.swift */,
			);
			path = Usage;
			sourceTree = "<group>";
		};
		4550075E4F830CE684B2CE4A /* Cursor */ = {
			isa = PBXGroup;
			children = (
				189F5F426D30B08262DFC62D /* CursorAuthSession.swift */,
				D66141862744C5BF47AF2E42 /* CursorLimitBar.swift */,
				FBA5E86F4D3ED84F7EC18D6F /* CursorModels.swift */,
				D130917EDCA56F1D054BE88A /* CursorPanelView.swift */,
				F1EA2F0993715698EAE8FFF9 /* CursorSignInSheet.swift */,
				C3179EB3EBA85C3F779D4CB6 /* CursorUsageClient.swift */,
				2564322CFC536008873952DC /* CursorUsagePoller.swift */,
			);
			path = Cursor;
			sourceTree = "<group>";
		};
		5A50DD9F83C60EE9780258AE /* Provider */ = {
			isa = PBXGroup;
			children = (
				E8566CCA903FA561616877F2 /* MonitorProvider.swift */,
				767649831043A53AFEEF92C6 /* ProviderLogo.swift */,
				2FCFF7072CE110192607FB13 /* ProviderSwitcherView.swift */,
			);
			path = Provider;
			sourceTree = "<group>";
		};
		6B3930F1D135F30EC403E6DE /* Auth */ = {
			isa = PBXGroup;
			children = (
				216FCF0A86872E81A149FC05 /* AuthSessionService.swift */,
				717A87D06ABCD6897985A5C5 /* SignInSheet.swift */,
			);
			path = Auth;
			sourceTree = "<group>";
		};
		9EB0FFB8658028D3E53A610E /* Features */ = {
			isa = PBXGroup;
			children = (
				4550075E4F830CE684B2CE4A /* Cursor */,
				BD09577871B90B0B49A493EA /* Grok */,
				D477B7C62DF02BA6C9442901 /* MenuBar */,
				EF538CA444D1FCACFD884A81 /* OpenCode */,
				2760E48AAB1F2245DDAE2E3E /* Overview */,
				5A50DD9F83C60EE9780258AE /* Provider */,
				BD57F0A094032F425E26C871 /* Settings */,
				D19C0C502E5A770F370EC372 /* Shared */,
			);
			path = Features;
			sourceTree = "<group>";
		};
		A0710555E2F31B9E6482FCDA /* App */ = {
			isa = PBXGroup;
			children = (
				E4400C4A584481A0AB736F2A /* AppDelegate.swift */,
				A1871AB05FD91E499E889A38 /* ModelMonitorApp.swift */,
			);
			path = App;
			sourceTree = "<group>";
		};
		A829D8DDF3A4CDB722276B25 /* History */ = {
			isa = PBXGroup;
			children = (
				884F7BB305259F769DF77BFD /* ExportService.swift */,
				C96DAA58C731E324070AAA5F /* HistoryChartView.swift */,
				9B6500EF3E88D1D4CF3D1676 /* HistoryStore.swift */,
			);
			path = History;
			sourceTree = "<group>";
		};
		B1A6FBA788D5D9856427B144 /* Resources */ = {
			isa = PBXGroup;
			children = (
				B3046CC07F632DCEF443B07E /* Assets.xcassets */,
				70CC7BC0A562AFC000FA273A /* Info.plist */,
				70EC7780AF1FC078DC2A17ED /* ModelMonitor.entitlements */,
				F2B63F36CBAA0ED15D0B1DBC /* PrivacyInfo.xcprivacy */,
			);
			path = Resources;
			sourceTree = "<group>";
		};
		BD09577871B90B0B49A493EA /* Grok */ = {
			isa = PBXGroup;
			children = (
				5FC7B357F04BA5D19736B34C /* GrokPanelView.swift */,
				18363340E1EA5C639CE77680 /* Alerts */,
				6B3930F1D135F30EC403E6DE /* Auth */,
				A829D8DDF3A4CDB722276B25 /* History */,
				2D4A8BA9C3AE94FED1402DAB /* Usage */,
			);
			path = Grok;
			sourceTree = "<group>";
		};
		BD57F0A094032F425E26C871 /* Settings */ = {
			isa = PBXGroup;
			children = (
				030E8530B782E0DB6DAA8747 /* AppSettings.swift */,
				D8111A6E11A763A44A3F8CEF /* PreferencesView.swift */,
			);
			path = Settings;
			sourceTree = "<group>";
		};
		D19C0C502E5A770F370EC372 /* Shared */ = {
			isa = PBXGroup;
			children = (
				3279F7913C92409BB1AF1DA6 /* AppSupport.swift */,
				75F22215FA94E386AFED4540 /* ColorPalette.swift */,
				A191F56E8920C4713E658F69 /* Domain.swift */,
				34AC54FDC3F50AB34C20A69B /* FileBackedStringStore.swift */,
				818A0DC01A9B92063E8C9BEA /* Format.swift */,
				0FB8EE74371560F24F79D3C8 /* JSON.swift */,
				F258951FC4B782CFF45AB638 /* PanelTypography.swift */,
				CB234AB154182C9C3239E3FA /* Percent.swift */,
				8ED8767CDA533C70731A8C9E /* PollingLoop.swift */,
				E95834C31951FCB847999C8F /* ProviderSignInSheet.swift */,
				A7F45872A7C9BED32A7EF285 /* ProviderSignInWebView.swift */,
				F73CCE4E5F5B68ECD4830F3B /* WebKitCookieCapture.swift */,
				610375DD1667B011870B4AB1 /* WebKitCookieStore.swift */,
			);
			path = Shared;
			sourceTree = "<group>";
		};
		D41C598B5416A70B867817AE /* Shared */ = {
			isa = PBXGroup;
			children = (
				00417B44103EC226D30433E4 /* AppSupportTests.swift */,
				B4F28E0F2F6F5A329BBC355B /* ColorPaletteTests.swift */,
				2725701974314A157E245FDA /* FormatTests.swift */,
				569E518C3143577CCC6037DC /* JSONTests.swift */,
			);
			path = Shared;
			sourceTree = "<group>";
		};
		D477B7C62DF02BA6C9442901 /* MenuBar */ = {
			isa = PBXGroup;
			children = (
				3B4547653A3A7043E462B0FF /* CategoryRow.swift */,
				E9A3B658277C4EB4E852140F /* DailyUsageChartView.swift */,
				1650E637D14B1BDD94C15818 /* MenuBarLabelView.swift */,
				446018035BE5922D870EA004 /* MenuBarPanelView.swift */,
				4277070BFB3BC0D9A99AF566 /* MenuBarStatusRenderer.swift */,
				6CE4CEBBE0D53A478F5677E8 /* SegmentedUsageBar.swift */,
			);
			path = MenuBar;
			sourceTree = "<group>";
		};
		DAD650FFCD3867B66A22BE56 /* Products */ = {
			isa = PBXGroup;
			children = (
				9DC52CC3B3F97D5167D02B04 /* ModelMonitor.app */,
				E329F9A4754F781507AB5F54 /* ModelMonitorTests.xctest */,
			);
			name = Products;
			sourceTree = "<group>";
		};
		E5D85CBB455DB351E0DC75A0 /* OpenCode */ = {
			isa = PBXGroup;
			children = (
				AB9D9327EB55C7F24680D42B /* OpenCodeConsoleClientTests.swift */,
				CDB9C684BC300E4B08412833 /* OpenCodeStatsTests.swift */,
			);
			path = OpenCode;
			sourceTree = "<group>";
		};
		EF538CA444D1FCACFD884A81 /* OpenCode */ = {
			isa = PBXGroup;
			children = (
				7170604F4841619BBEE2BF01 /* OpenCodeAuthSession.swift */,
				228638A53D1D31FF91BAC99B /* OpenCodeConsoleClient.swift */,
				852447772D1595F28A49CFC2 /* OpenCodeLimitBar.swift */,
				435DE77252CDDDAC249FC79E /* OpenCodeLocalStats.swift */,
				95EB8C12E58AB6F87D76BF60 /* OpenCodeModels.swift */,
				177D0419C4BF0C0997350FD5 /* OpenCodePanelView.swift */,
				DB80842F0137655E41D704E4 /* OpenCodeSignInSheet.swift */,
				854AC4F1B2ED9E269EF7448F /* OpenCodeUsagePoller.swift */,
				8981B32F2BB55595D1393688 /* OpenCodeZenCostEstimate.swift */,
			);
			path = OpenCode;
			sourceTree = "<group>";
		};
		FE5AC0813CFBA53C2EF1B674 /* ModelMonitorTests */ = {
			isa = PBXGroup;
			children = (
				1245ED90B98D0F6279577F67 /* Cursor */,
				0E209A31BD83360E552DB409 /* Grok */,
				E5D85CBB455DB351E0DC75A0 /* OpenCode */,
				D41C598B5416A70B867817AE /* Shared */,
			);
			path = ModelMonitorTests;
			sourceTree = "<group>";
		};
/* End PBXGroup section */

/* Begin PBXNativeTarget section */
		6C78668542B8BA19C69EBEEA /* ModelMonitor */ = {
			isa = PBXNativeTarget;
			buildConfigurationList = 6CFC13F038F9528788DA833E /* Build configuration list for PBXNativeTarget "ModelMonitor" */;
			buildPhases = (
				06769C5D21290D385AAB7E31 /* Sources */,
				B7F3354665B4527C26D7B754 /* Resources */,
			);
			buildRules = (
			);
			dependencies = (
			);
			name = ModelMonitor;
			packageProductDependencies = (
			);
			productName = ModelMonitor;
			productReference = 9DC52CC3B3F97D5167D02B04 /* ModelMonitor.app */;
			productType = "com.apple.product-type.application";
		};
		94A88D6A16B1A57A8D92F501 /* ModelMonitorTests */ = {
			isa = PBXNativeTarget;
			buildConfigurationList = E233EF2454CF4E990A1F3F9C /* Build configuration list for PBXNativeTarget "ModelMonitorTests" */;
			buildPhases = (
				FC9F99AB8F41A2AB82CF864E /* Sources */,
			);
			buildRules = (
			);
			dependencies = (
				A046838C368FD1749283D752 /* PBXTargetDependency */,
			);
			name = ModelMonitorTests;
			packageProductDependencies = (
			);
			productName = ModelMonitorTests;
			productReference = E329F9A4754F781507AB5F54 /* ModelMonitorTests.xctest */;
			productType = "com.apple.product-type.bundle.unit-test";
		};
/* End PBXNativeTarget section */

/* Begin PBXProject section */
		6D859FDB3E03383589622933 /* Project object */ = {
			isa = PBXProject;
			attributes = {
				BuildIndependentTargetsInParallel = YES;
				LastUpgradeCheck = 1430;
				TargetAttributes = {
					6C78668542B8BA19C69EBEEA = {
						ProvisioningStyle = Automatic;
					};
					94A88D6A16B1A57A8D92F501 = {
						ProvisioningStyle = Automatic;
					};
				};
			};
			buildConfigurationList = 1A9AD938BA9907C4D7037662 /* Build configuration list for PBXProject "ModelMonitor" */;
			developmentRegion = en;
			hasScannedForEncodings = 0;
			knownRegions = (
				Base,
				en,
			);
			mainGroup = 254590B79B1A5CDFE6C6BF98;
			minimizedProjectReferenceProxies = 1;
			preferredProjectObjectVersion = 77;
			productRefGroup = DAD650FFCD3867B66A22BE56 /* Products */;
			projectDirPath = "";
			projectRoot = "";
			targets = (
				6C78668542B8BA19C69EBEEA /* ModelMonitor */,
				94A88D6A16B1A57A8D92F501 /* ModelMonitorTests */,
			);
		};
/* End PBXProject section */

/* Begin PBXResourcesBuildPhase section */
		B7F3354665B4527C26D7B754 /* Resources */ = {
			isa = PBXResourcesBuildPhase;
			buildActionMask = 2147483647;
			files = (
				707BC444DC41A614A08C07DB /* Assets.xcassets in Resources */,
				AC8975DC19B8ADC67D9037C4 /* PrivacyInfo.xcprivacy in Resources */,
			);
			runOnlyForDeploymentPostprocessing = 0;
		};
/* End PBXResourcesBuildPhase section */

/* Begin PBXSourcesBuildPhase section */
		06769C5D21290D385AAB7E31 /* Sources */ = {
			isa = PBXSourcesBuildPhase;
			buildActionMask = 2147483647;
			files = (
				584DC7093AEE5CE23875FF1D /* AppDelegate.swift in Sources */,
				B353DD04D159B019968066B9 /* AppSettings.swift in Sources */,
				0D5DCD9E13CB661FE5AE7B51 /* AppSupport.swift in Sources */,
				F7CE7B4C3E34793FB62FF9E0 /* AuthSessionService.swift in Sources */,
				B67084DDE9A2A63F17481016 /* CategoryRow.swift in Sources */,
				EAAD7215E6DDE38B4DAA5963 /* ColorPalette.swift in Sources */,
				3D19AA4837ED67DBD07FE19B /* ConcentricUsageRingView.swift in Sources */,
				3B8F549E4BC3020A79348338 /* CursorAuthSession.swift in Sources */,
				74E367282CADFB07A188A974 /* CursorLimitBar.swift in Sources */,
				8B3E2C409291B1FBA412EFCB /* CursorModels.swift in Sources */,
				8A28075E7F08DD6D41D305C6 /* CursorPanelView.swift in Sources */,
				FED37EFE0AFE1682B396BCA9 /* CursorSignInSheet.swift in Sources */,
				7B4C8EB6B14366DFE531BE06 /* CursorUsageClient.swift in Sources */,
				DBD2CC3DAEBF68EE8EE64561 /* CursorUsagePoller.swift in Sources */,
				3FE4F40D227B615B43BD63E8 /* DailyUsageBuilder.swift in Sources */,
				231FF51628468CB662AFBB37 /* DailyUsageChartView.swift in Sources */,
				ED90DD23CAA4FEB498FEEBB0 /* Domain.swift in Sources */,
				D77EA7C65F4122857FE22F98 /* ExportService.swift in Sources */,
				5CD888F6807A7DE2DADE167D /* FileBackedStringStore.swift in Sources */,
				8DF5D08CA84FC9151192349D /* Format.swift in Sources */,
				517F38534689FB98A8B34E71 /* GrokHourlyActivityStore.swift in Sources */,
				C8E725E4F8DD80E47DB4CA26 /* GrokPanelView.swift in Sources */,
				8A9F8A0E26BF703460330609 /* HistoryChartView.swift in Sources */,
				9F63213A69D8385588D743A2 /* HistoryStore.swift in Sources */,
				321B0B9477DCE9F4F8EB394A /* JSON.swift in Sources */,
				E9D89CE113CA5F605BA180FA /* MenuBarLabelView.swift in Sources */,
				93E6C0C37082D3F33C10A70B /* MenuBarPanelView.swift in Sources */,
				7B153CEFEF0E0DEA88C973E0 /* MenuBarStatusRenderer.swift in Sources */,
				CDDC9F0DBC77CE5EA64B6297 /* ModelMonitorApp.swift in Sources */,
				FA986D4098BB2327E3DDD983 /* MonitorProvider.swift in Sources */,
				FFBFC1D3FDE804D1692F647A /* OpenCodeAuthSession.swift in Sources */,
				5E51F56B75089E4995B4EAD5 /* OpenCodeConsoleClient.swift in Sources */,
				AA0610515666D4631487ADD8 /* OpenCodeLimitBar.swift in Sources */,
				D63DED6C1D6E4FBF4FC6805E /* OpenCodeLocalStats.swift in Sources */,
				A20E35F0710D89424C4C4865 /* OpenCodeModels.swift in Sources */,
				A4B777A58A26B508E69F78A5 /* OpenCodePanelView.swift in Sources */,
				6B98D582F10644D8BEF48214 /* OpenCodeSignInSheet.swift in Sources */,
				1658B69012AD995B68DF24B3 /* OpenCodeUsagePoller.swift in Sources */,
				BAA93D6718E65AD60FD9A48F /* OpenCodeZenCostEstimate.swift in Sources */,
				D37302FC068AE5501BA9DAC7 /* OverviewHourlyUsageChart.swift in Sources */,
				F10E6F472A4433B0F3D0C19F /* OverviewPanelView.swift in Sources */,
				A59EBC89F193730905AD92E1 /* PanelTypography.swift in Sources */,
				D230142CCE5683005A8227FD /* Percent.swift in Sources */,
				8687B5EA1EFECA0E91DA604A /* PollingLoop.swift in Sources */,
				DB2DA3053F7434A77E8C4A28 /* PreferencesView.swift in Sources */,
				E0F40D6AEEC5A9902FBF634D /* ProviderHourlyUsage.swift in Sources */,
				5D67998D6EEEE907A5DB6D52 /* ProviderLogo.swift in Sources */,
				161268D0790B1A1171F93982 /* ProviderSignInSheet.swift in Sources */,
				14A6A2EB2BF9A98BB551D3C4 /* ProviderSignInWebView.swift in Sources */,
				E15D98A7920375CA4F73C5AF /* ProviderSwitcherView.swift in Sources */,
				F5B354EBBCE021FC5A0D70BA /* SegmentedUsageBar.swift in Sources */,
				1227CA54F20564BED3EB6C1F /* SignInSheet.swift in Sources */,
				C88DB6A6BC024853989283EC /* ThresholdNotifier.swift in Sources */,
				AD8AB867FBE093DB8C294C93 /* UsageClient.swift in Sources */,
				EBDEB37FAC06EA8674832D7E /* UsageModels.swift in Sources */,
				93A8FCC42B24BA2050784094 /* UsagePoller.swift in Sources */,
				EA8C7A6E167A6489FB7158D0 /* WebKitCookieCapture.swift in Sources */,
				953A833D4CD905DA0DF03CD9 /* WebKitCookieStore.swift in Sources */,
			);
			runOnlyForDeploymentPostprocessing = 0;
		};
		FC9F99AB8F41A2AB82CF864E /* Sources */ = {
			isa = PBXSourcesBuildPhase;
			buildActionMask = 2147483647;
			files = (
				20237BA8A4BC4BDB457C39F2 /* AppSupportTests.swift in Sources */,
				167FE8B7DB69C2FF5127E5E3 /* ColorPaletteTests.swift in Sources */,
				A443CD2166B7410B76C3EFEC /* CursorUsageClientTests.swift in Sources */,
				03296060BF5FB3A7BE275A3F /* FormatTests.swift in Sources */,
				18C70151AF1092F04A2B584F /* JSONTests.swift in Sources */,
				C25932715A151697DE0038D2 /* OpenCodeConsoleClientTests.swift in Sources */,
				FE8B2149662289C8223B3539 /* OpenCodeStatsTests.swift in Sources */,
				42730C646697D5DBA1CB7AEC /* UsageParsingTests.swift in Sources */,
			);
			runOnlyForDeploymentPostprocessing = 0;
		};
/* End PBXSourcesBuildPhase section */

/* Begin PBXTargetDependency section */
		A046838C368FD1749283D752 /* PBXTargetDependency */ = {
			isa = PBXTargetDependency;
			target = 6C78668542B8BA19C69EBEEA /* ModelMonitor */;
			targetProxy = DDFE98AAFE757086A25F99CE /* PBXContainerItemProxy */;
		};
/* End PBXTargetDependency section */

/* Begin XCBuildConfiguration section */
		03EC5BED5C1F1DADFF01BFA8 /* Release */ = {
			isa = XCBuildConfiguration;
			buildSettings = {
				BUNDLE_LOADER = "$(TEST_HOST)";
				COMBINE_HIDPI_IMAGES = YES;
				ENABLE_TESTING_SEARCH_PATHS = YES;
				GENERATE_INFOPLIST_FILE = YES;
				LD_RUNPATH_SEARCH_PATHS = (
					"$(inherited)",
					"@executable_path/../Frameworks",
					"@loader_path/../Frameworks",
				);
				PRODUCT_BUNDLE_IDENTIFIER = com.modelmonitor.tests;
				SDKROOT = macosx;
				TEST_HOST = "$(BUILT_PRODUCTS_DIR)/Model Monitor.app/Contents/MacOS/Model Monitor";
			};
			name = Release;
		};
		2C012A506F025224E37C9763 /* Release */ = {
			isa = XCBuildConfiguration;
			buildSettings = {
				ALWAYS_SEARCH_USER_PATHS = NO;
				CLANG_ANALYZER_NONNULL = YES;
				CLANG_ANALYZER_NUMBER_OBJECT_CONVERSION = YES_AGGRESSIVE;
				CLANG_CXX_LANGUAGE_STANDARD = "gnu++14";
				CLANG_CXX_LIBRARY = "libc++";
				CLANG_ENABLE_MODULES = YES;
				CLANG_ENABLE_OBJC_ARC = YES;
				CLANG_ENABLE_OBJC_WEAK = YES;
				CLANG_WARN_BLOCK_CAPTURE_AUTORELEASING = YES;
				CLANG_WARN_BOOL_CONVERSION = YES;
				CLANG_WARN_COMMA = YES;
				CLANG_WARN_CONSTANT_CONVERSION = YES;
				CLANG_WARN_DEPRECATED_OBJC_IMPLEMENTATIONS = YES;
				CLANG_WARN_DIRECT_OBJC_ISA_USAGE = YES_ERROR;
				CLANG_WARN_DOCUMENTATION_COMMENTS = YES;
				CLANG_WARN_EMPTY_BODY = YES;
				CLANG_WARN_ENUM_CONVERSION = YES;
				CLANG_WARN_INFINITE_RECURSION = YES;
				CLANG_WARN_INT_CONVERSION = YES;
				CLANG_WARN_NON_LITERAL_NULL_CONVERSION = YES;
				CLANG_WARN_OBJC_IMPLICIT_RETAIN_SELF = YES;
				CLANG_WARN_OBJC_LITERAL_CONVERSION = YES;
				CLANG_WARN_OBJC_ROOT_CLASS = YES_ERROR;
				CLANG_WARN_QUOTED_INCLUDE_IN_FRAMEWORK_HEADER = YES;
				CLANG_WARN_RANGE_LOOP_ANALYSIS = YES;
				CLANG_WARN_STRICT_PROTOTYPES = YES;
				CLANG_WARN_SUSPICIOUS_MOVE = YES;
				CLANG_WARN_UNGUARDED_AVAILABILITY = YES_AGGRESSIVE;
				CLANG_WARN_UNREACHABLE_CODE = YES;
				CLANG_WARN__DUPLICATE_METHOD_MATCH = YES;
				CODE_SIGN_STYLE = Automatic;
				COPY_PHASE_STRIP = NO;
				DEBUG_INFORMATION_FORMAT = "dwarf-with-dsym";
				ENABLE_HARDENED_RUNTIME = YES;
				ENABLE_NS_ASSERTIONS = NO;
				ENABLE_STRICT_OBJC_MSGSEND = YES;
				GCC_C_LANGUAGE_STANDARD = gnu11;
				GCC_NO_COMMON_BLOCKS = YES;
				GCC_WARN_64_TO_32_BIT_CONVERSION = YES;
				GCC_WARN_ABOUT_RETURN_TYPE = YES_ERROR;
				GCC_WARN_UNDECLARED_SELECTOR = YES;
				GCC_WARN_UNINITIALIZED_AUTOS = YES_AGGRESSIVE;
				GCC_WARN_UNUSED_FUNCTION = YES;
				GCC_WARN_UNUSED_VARIABLE = YES;
				MACOSX_DEPLOYMENT_TARGET = 14.0;
				MTL_ENABLE_DEBUG_INFO = NO;
				MTL_FAST_MATH = YES;
				PRODUCT_NAME = "$(TARGET_NAME)";
				SDKROOT = macosx;
				SWIFT_COMPILATION_MODE = wholemodule;
				SWIFT_OPTIMIZATION_LEVEL = "-O";
				SWIFT_VERSION = 5.10;
			};
			name = Release;
		};
		3BA2FE597E124F0C2D3EF46E /* Debug */ = {
			isa = XCBuildConfiguration;
			buildSettings = {
				BUNDLE_LOADER = "$(TEST_HOST)";
				COMBINE_HIDPI_IMAGES = YES;
				ENABLE_TESTING_SEARCH_PATHS = YES;
				GENERATE_INFOPLIST_FILE = YES;
				LD_RUNPATH_SEARCH_PATHS = (
					"$(inherited)",
					"@executable_path/../Frameworks",
					"@loader_path/../Frameworks",
				);
				PRODUCT_BUNDLE_IDENTIFIER = com.modelmonitor.tests;
				SDKROOT = macosx;
				TEST_HOST = "$(BUILT_PRODUCTS_DIR)/Model Monitor.app/Contents/MacOS/Model Monitor";
			};
			name = Debug;
		};
		92EE0CE6C0047F1C6EBC2554 /* Debug */ = {
			isa = XCBuildConfiguration;
			buildSettings = {
				ASSETCATALOG_COMPILER_APPICON_NAME = AppIcon;
				CODE_SIGN_ENTITLEMENTS = ModelMonitor/Resources/ModelMonitor.entitlements;
				COMBINE_HIDPI_IMAGES = YES;
				CURRENT_PROJECT_VERSION = 1;
				ENABLE_TESTABILITY = YES;
				GENERATE_INFOPLIST_FILE = NO;
				INFOPLIST_FILE = ModelMonitor/Resources/Info.plist;
				LD_RUNPATH_SEARCH_PATHS = "@executable_path/../Frameworks";
				MARKETING_VERSION = 1.0.0;
				PRIVACY_MANIFEST_FILE = ModelMonitor/Resources/PrivacyInfo.xcprivacy;
				PRODUCT_BUNDLE_IDENTIFIER = com.modelmonitor.app;
				PRODUCT_MODULE_NAME = ModelMonitor;
				PRODUCT_NAME = "Model Monitor";
				SDKROOT = macosx;
			};
			name = Debug;
		};
		F80114C29CBFAFBE89C922B4 /* Debug */ = {
			isa = XCBuildConfiguration;
			buildSettings = {
				ALWAYS_SEARCH_USER_PATHS = NO;
				CLANG_ANALYZER_NONNULL = YES;
				CLANG_ANALYZER_NUMBER_OBJECT_CONVERSION = YES_AGGRESSIVE;
				CLANG_CXX_LANGUAGE_STANDARD = "gnu++14";
				CLANG_CXX_LIBRARY = "libc++";
				CLANG_ENABLE_MODULES = YES;
				CLANG_ENABLE_OBJC_ARC = YES;
				CLANG_ENABLE_OBJC_WEAK = YES;
				CLANG_WARN_BLOCK_CAPTURE_AUTORELEASING = YES;
				CLANG_WARN_BOOL_CONVERSION = YES;
				CLANG_WARN_COMMA = YES;
				CLANG_WARN_CONSTANT_CONVERSION = YES;
				CLANG_WARN_DEPRECATED_OBJC_IMPLEMENTATIONS = YES;
				CLANG_WARN_DIRECT_OBJC_ISA_USAGE = YES_ERROR;
				CLANG_WARN_DOCUMENTATION_COMMENTS = YES;
				CLANG_WARN_EMPTY_BODY = YES;
				CLANG_WARN_ENUM_CONVERSION = YES;
				CLANG_WARN_INFINITE_RECURSION = YES;
				CLANG_WARN_INT_CONVERSION = YES;
				CLANG_WARN_NON_LITERAL_NULL_CONVERSION = YES;
				CLANG_WARN_OBJC_IMPLICIT_RETAIN_SELF = YES;
				CLANG_WARN_OBJC_LITERAL_CONVERSION = YES;
				CLANG_WARN_OBJC_ROOT_CLASS = YES_ERROR;
				CLANG_WARN_QUOTED_INCLUDE_IN_FRAMEWORK_HEADER = YES;
				CLANG_WARN_RANGE_LOOP_ANALYSIS = YES;
				CLANG_WARN_STRICT_PROTOTYPES = YES;
				CLANG_WARN_SUSPICIOUS_MOVE = YES;
				CLANG_WARN_UNGUARDED_AVAILABILITY = YES_AGGRESSIVE;
				CLANG_WARN_UNREACHABLE_CODE = YES;
				CLANG_WARN__DUPLICATE_METHOD_MATCH = YES;
				CODE_SIGN_STYLE = Automatic;
				COPY_PHASE_STRIP = NO;
				DEBUG_INFORMATION_FORMAT = dwarf;
				ENABLE_HARDENED_RUNTIME = YES;
				ENABLE_STRICT_OBJC_MSGSEND = YES;
				ENABLE_TESTABILITY = YES;
				GCC_C_LANGUAGE_STANDARD = gnu11;
				GCC_DYNAMIC_NO_PIC = NO;
				GCC_NO_COMMON_BLOCKS = YES;
				GCC_OPTIMIZATION_LEVEL = 0;
				GCC_PREPROCESSOR_DEFINITIONS = (
					"$(inherited)",
					"DEBUG=1",
				);
				GCC_WARN_64_TO_32_BIT_CONVERSION = YES;
				GCC_WARN_ABOUT_RETURN_TYPE = YES_ERROR;
				GCC_WARN_UNDECLARED_SELECTOR = YES;
				GCC_WARN_UNINITIALIZED_AUTOS = YES_AGGRESSIVE;
				GCC_WARN_UNUSED_FUNCTION = YES;
				GCC_WARN_UNUSED_VARIABLE = YES;
				MACOSX_DEPLOYMENT_TARGET = 14.0;
				MTL_ENABLE_DEBUG_INFO = INCLUDE_SOURCE;
				MTL_FAST_MATH = YES;
				ONLY_ACTIVE_ARCH = YES;
				PRODUCT_NAME = "$(TARGET_NAME)";
				SDKROOT = macosx;
				SWIFT_ACTIVE_COMPILATION_CONDITIONS = DEBUG;
				SWIFT_OPTIMIZATION_LEVEL = "-Onone";
				SWIFT_VERSION = 5.10;
			};
			name = Debug;
		};
		F97F8F3344B730B4719A2738 /* Release */ = {
			isa = XCBuildConfiguration;
			buildSettings = {
				ASSETCATALOG_COMPILER_APPICON_NAME = AppIcon;
				CODE_SIGN_ENTITLEMENTS = ModelMonitor/Resources/ModelMonitor.entitlements;
				COMBINE_HIDPI_IMAGES = YES;
				CURRENT_PROJECT_VERSION = 1;
				GENERATE_INFOPLIST_FILE = NO;
				INFOPLIST_FILE = ModelMonitor/Resources/Info.plist;
				LD_RUNPATH_SEARCH_PATHS = "@executable_path/../Frameworks";
				MARKETING_VERSION = 1.0.0;
				PRIVACY_MANIFEST_FILE = ModelMonitor/Resources/PrivacyInfo.xcprivacy;
				PRODUCT_BUNDLE_IDENTIFIER = com.modelmonitor.app;
				PRODUCT_MODULE_NAME = ModelMonitor;
				PRODUCT_NAME = "Model Monitor";
				SDKROOT = macosx;
			};
			name = Release;
		};
/* End XCBuildConfiguration section */

/* Begin XCConfigurationList section */
		1A9AD938BA9907C4D7037662 /* Build configuration list for PBXProject "ModelMonitor" */ = {
			isa = XCConfigurationList;
			buildConfigurations = (
				F80114C29CBFAFBE89C922B4 /* Debug */,
				2C012A506F025224E37C9763 /* Release */,
			);
			defaultConfigurationIsVisible = 0;
			defaultConfigurationName = Debug;
		};
		6CFC13F038F9528788DA833E /* Build configuration list for PBXNativeTarget "ModelMonitor" */ = {
			isa = XCConfigurationList;
			buildConfigurations = (
				92EE0CE6C0047F1C6EBC2554 /* Debug */,
				F97F8F3344B730B4719A2738 /* Release */,
			);
			defaultConfigurationIsVisible = 0;
			defaultConfigurationName = Debug;
		};
		E233EF2454CF4E990A1F3F9C /* Build configuration list for PBXNativeTarget "ModelMonitorTests" */ = {
			isa = XCConfigurationList;
			buildConfigurations = (
				3BA2FE597E124F0C2D3EF46E /* Debug */,
				03EC5BED5C1F1DADFF01BFA8 /* Release */,
			);
			defaultConfigurationIsVisible = 0;
			defaultConfigurationName = Debug;
		};
/* End XCConfigurationList section */
	};
	rootObject = 6D859FDB3E03383589622933 /* Project object */;
}
