// !$*UTF8*$!
{
	archiveVersion = 1;
	classes = {
	};
	objectVersion = 77;
	objects = {

/* Begin PBXBuildFile section */
		02782C786E05A70F01095161 /* SegmentedUsageBar.swift in Sources */ = {isa = PBXBuildFile; fileRef = A75AF7C63A703C82FC0DA22B /* SegmentedUsageBar.swift */; };
		02EF4DA8E771C4C0AA975079 /* OpenCodeSignInSheet.swift in Sources */ = {isa = PBXBuildFile; fileRef = 85841B0E36894850BF1A576A /* OpenCodeSignInSheet.swift */; };
		09CF556570B498A50F92609F /* ExportService.swift in Sources */ = {isa = PBXBuildFile; fileRef = 4FEE53F3E656CEE01303276D /* ExportService.swift */; };
		18C93188521A263BD4165415 /* UsageParsingTests.swift in Sources */ = {isa = PBXBuildFile; fileRef = 18FCA27A3605023324596923 /* UsageParsingTests.swift */; };
		190E60AF6A1292EF21B8F5DD /* OpenCodeLimitBar.swift in Sources */ = {isa = PBXBuildFile; fileRef = 628ED13BBC179F5A810B04D5 /* OpenCodeLimitBar.swift */; };
		1F3A150E0A1DCA0EB803710F /* AppSettings.swift in Sources */ = {isa = PBXBuildFile; fileRef = 8434190BB2A2AACC130BDA60 /* AppSettings.swift */; };
		26551CA20F20BAF33A3ACB3B /* UsagePoller.swift in Sources */ = {isa = PBXBuildFile; fileRef = 49103C2A111BD48655B2A903 /* UsagePoller.swift */; };
		294FD8E43D412C7C475E91E0 /* CategoryRow.swift in Sources */ = {isa = PBXBuildFile; fileRef = C9DB5D02BE5A64CB8A086A63 /* CategoryRow.swift */; };
		2A06ED0A41A762C1642E00AE /* GrokMonitorApp.swift in Sources */ = {isa = PBXBuildFile; fileRef = EF74B9A780DE900A4DB0B936 /* GrokMonitorApp.swift */; };
		371A62537527923181A090E5 /* OpenCodeConsoleClientTests.swift in Sources */ = {isa = PBXBuildFile; fileRef = DE5EA661E357CE22553D1068 /* OpenCodeConsoleClientTests.swift */; };
		3F30AD864E3A39862310F058 /* MenuBarLabelView.swift in Sources */ = {isa = PBXBuildFile; fileRef = 188F2E28CE5DECF34613BF1A /* MenuBarLabelView.swift */; };
		4032C2DF7F31FEDA545AD787 /* AppDelegate.swift in Sources */ = {isa = PBXBuildFile; fileRef = 8E2E9C4CB066395F6A02BC8E /* AppDelegate.swift */; };
		40EA0320462A702B0B8B6DE6 /* ProviderSwitcherView.swift in Sources */ = {isa = PBXBuildFile; fileRef = 4C494E6766994B3BD8E6E73E /* ProviderSwitcherView.swift */; };
		4B55B4F41670CC2DF3F7E6FF /* MenuBarPanelView.swift in Sources */ = {isa = PBXBuildFile; fileRef = 6E199B94CB7AC3BDA510D203 /* MenuBarPanelView.swift */; };
		52E096D43B734DF5392F5123 /* ProviderLogo.swift in Sources */ = {isa = PBXBuildFile; fileRef = 70D58D5F2F2A1E7B3DEC3E19 /* ProviderLogo.swift */; };
		547266685403C9A32CB3D248 /* SignInSheet.swift in Sources */ = {isa = PBXBuildFile; fileRef = A3206833D7C41B5E9F1FEFC8 /* SignInSheet.swift */; };
		570E9320AEA0BA8B51008B5D /* ThresholdNotifier.swift in Sources */ = {isa = PBXBuildFile; fileRef = FF8C3B6CD6C813A736BE755E /* ThresholdNotifier.swift */; };
		5802B947149214A3EAE0A9FC /* OpenCodePanelView.swift in Sources */ = {isa = PBXBuildFile; fileRef = 7FCA3E3D027C668CC43E709B /* OpenCodePanelView.swift */; };
		58C3D8ACC237E532F192D1D0 /* MonitorProvider.swift in Sources */ = {isa = PBXBuildFile; fileRef = 8C33E36F3FD019D13237FFD3 /* MonitorProvider.swift */; };
		5A1B2C3D4E5F60718293A4B5 /* OverviewPanelView.swift in Sources */ = {isa = PBXBuildFile; fileRef = A1B2C3D4E5F60718293A4B50 /* OverviewPanelView.swift */; };
		5B2C3D4E5F60718293A4B5C6 /* UsageHeatmapView.swift in Sources */ = {isa = PBXBuildFile; fileRef = B2C3D4E5F60718293A4B5C60 /* UsageHeatmapView.swift */; };
		5C3D4E5F60718293A4B5C6D7 /* UsageRingView.swift in Sources */ = {isa = PBXBuildFile; fileRef = C3D4E5F60718293A4B5C6D70 /* UsageRingView.swift */; };
		5CF6C5516B99351E015F5ED8 /* HistoryStore.swift in Sources */ = {isa = PBXBuildFile; fileRef = 76A277C79F756C5E12DC6F2A /* HistoryStore.swift */; };
		601FBC959FFB9D521CFD10D8 /* UsageClient.swift in Sources */ = {isa = PBXBuildFile; fileRef = CC55D76E34787A02E1E82C06 /* UsageClient.swift */; };
		6DE6F030CC9A02CEA6F4C6E1 /* DailyUsageChartView.swift in Sources */ = {isa = PBXBuildFile; fileRef = CDC6ECE4EC9BE23E542D1E04 /* DailyUsageChartView.swift */; };
		74556AA288365DA97385AD57 /* OpenCodeUsagePoller.swift in Sources */ = {isa = PBXBuildFile; fileRef = 36FCD0085A31BE10B9A7801C /* OpenCodeUsagePoller.swift */; };
		776CA2148C13677315CE4B75 /* HistoryChartView.swift in Sources */ = {isa = PBXBuildFile; fileRef = 91AADA89F7783EE7D54D70C3 /* HistoryChartView.swift */; };
		77B6FCF10F9F7EFF15107E28 /* GrokPanelView.swift in Sources */ = {isa = PBXBuildFile; fileRef = C60D4D1325714C78F0F01705 /* GrokPanelView.swift */; };
		790A2C6791D8A6040153651C /* OpenCodeLocalStats.swift in Sources */ = {isa = PBXBuildFile; fileRef = 71B367D0E63975A1431C8CA9 /* OpenCodeLocalStats.swift */; };
		7BD675CE4FB5266F58C77C04 /* PreferencesView.swift in Sources */ = {isa = PBXBuildFile; fileRef = A4752DBA013D7F2956D12FD5 /* PreferencesView.swift */; };
		8A8643ED54D5CCD048584A5A /* WebKitCookieStore.swift in Sources */ = {isa = PBXBuildFile; fileRef = CDF6CF74DE9913AC92B21435 /* WebKitCookieStore.swift */; };
		DCF68A782ADFED912F2C3C68 /* Domain.swift in Sources */ = {isa = PBXBuildFile; fileRef = D3670E2F137C8807835FABA5 /* Domain.swift */; };
		D3C81B5F686014604D1A153C /* FileBackedStringStore.swift in Sources */ = {isa = PBXBuildFile; fileRef = AF41376F151E054F60FFCBE6 /* FileBackedStringStore.swift */; };
		5701A6C1021330051CED682E /* Format.swift in Sources */ = {isa = PBXBuildFile; fileRef = 8C5438C495E0AA2690B3D4F7 /* Format.swift */; };
		59FA026EBB119802663C2D66 /* Percent.swift in Sources */ = {isa = PBXBuildFile; fileRef = 178F127CD86BA16C76CCF3B2 /* Percent.swift */; };
		23777892844D8E2FAC9D2FD9 /* PollingLoop.swift in Sources */ = {isa = PBXBuildFile; fileRef = 6C9CB77B64BF86FC7AD43AA0 /* PollingLoop.swift */; };
		878BEC5E1C5A9DE9B7C4FA4C /* ProviderSignInWebView.swift in Sources */ = {isa = PBXBuildFile; fileRef = 2FCE4AE7A32FD2E371B14696 /* ProviderSignInWebView.swift */; };
		A5BE1BFE98A3942E235E7781 /* Assets.xcassets in Resources */ = {isa = PBXBuildFile; fileRef = 1FEC7BFFC39AA61EA59BB394 /* Assets.xcassets */; };
		A6C5BDDB492E0AC4F22E49EF /* OpenCodeConsoleClient.swift in Sources */ = {isa = PBXBuildFile; fileRef = 8E0BC76CE801363FAA18430F /* OpenCodeConsoleClient.swift */; };
		A91A249CC80CE72855F8C601 /* AuthSessionService.swift in Sources */ = {isa = PBXBuildFile; fileRef = 927FC7F105D5A400A44959D2 /* AuthSessionService.swift */; };
		BF3FB7B1FF5138450B82DA36 /* DailyUsageBuilder.swift in Sources */ = {isa = PBXBuildFile; fileRef = 099893BAEA54B435EA2787ED /* DailyUsageBuilder.swift */; };
		C32E3B9D5275C6303B7273BC /* OpenCodeModels.swift in Sources */ = {isa = PBXBuildFile; fileRef = 4B11BBF7A469AF9EE9AB6F1B /* OpenCodeModels.swift */; };
		C7EE629AE28D53ACEB6E797C /* UsageModels.swift in Sources */ = {isa = PBXBuildFile; fileRef = 333022ACDA654FA392653D50 /* UsageModels.swift */; };
		DBF0FA2C53E3D267FEA14CCE /* MenuBarStatusRenderer.swift in Sources */ = {isa = PBXBuildFile; fileRef = 716EAD81D253F8A643026C2E /* MenuBarStatusRenderer.swift */; };
		F43831F9CB41D4158E7FDED7 /* OpenCodeAuthSession.swift in Sources */ = {isa = PBXBuildFile; fileRef = F3EB2B55FD37067376945458 /* OpenCodeAuthSession.swift */; };
		FB4F51DC4530E953BA860AA0 /* PrivacyInfo.xcprivacy in Resources */ = {isa = PBXBuildFile; fileRef = C2455ABC64F7C8C765CFE919 /* PrivacyInfo.xcprivacy */; };
		FDC9700F12343A83243A2059 /* OpenCodeStatsTests.swift in Sources */ = {isa = PBXBuildFile; fileRef = 1E44AD2C0C9AEFC159E69BFC /* OpenCodeStatsTests.swift */; };
/* End PBXBuildFile section */

/* Begin PBXContainerItemProxy section */
		156643F7123B39099D6CCC90 /* PBXContainerItemProxy */ = {
			isa = PBXContainerItemProxy;
			containerPortal = 887333B3ED2DD1499B014947 /* Project object */;
			proxyType = 1;
			remoteGlobalIDString = 53AA1D8F88E1FD4E548365C8;
			remoteInfo = GrokMonitor;
		};
/* End PBXContainerItemProxy section */

/* Begin PBXFileReference section */
		001840889086CCBBBB807E55 /* GrokMonitor.app */ = {isa = PBXFileReference; explicitFileType = wrapper.application; includeInIndex = 0; path = GrokMonitor.app; sourceTree = BUILT_PRODUCTS_DIR; };
		099893BAEA54B435EA2787ED /* DailyUsageBuilder.swift */ = {isa = PBXFileReference; lastKnownFileType = sourcecode.swift; path = DailyUsageBuilder.swift; sourceTree = "<group>"; };
		188F2E28CE5DECF34613BF1A /* MenuBarLabelView.swift */ = {isa = PBXFileReference; lastKnownFileType = sourcecode.swift; path = MenuBarLabelView.swift; sourceTree = "<group>"; };
		18FCA27A3605023324596923 /* UsageParsingTests.swift */ = {isa = PBXFileReference; lastKnownFileType = sourcecode.swift; path = UsageParsingTests.swift; sourceTree = "<group>"; };
		1E44AD2C0C9AEFC159E69BFC /* OpenCodeStatsTests.swift */ = {isa = PBXFileReference; lastKnownFileType = sourcecode.swift; path = OpenCodeStatsTests.swift; sourceTree = "<group>"; };
		1FEC7BFFC39AA61EA59BB394 /* Assets.xcassets */ = {isa = PBXFileReference; lastKnownFileType = folder.assetcatalog; path = Assets.xcassets; sourceTree = "<group>"; };
		333022ACDA654FA392653D50 /* UsageModels.swift */ = {isa = PBXFileReference; lastKnownFileType = sourcecode.swift; path = UsageModels.swift; sourceTree = "<group>"; };
		36FCD0085A31BE10B9A7801C /* OpenCodeUsagePoller.swift */ = {isa = PBXFileReference; lastKnownFileType = sourcecode.swift; path = OpenCodeUsagePoller.swift; sourceTree = "<group>"; };
		49103C2A111BD48655B2A903 /* UsagePoller.swift */ = {isa = PBXFileReference; lastKnownFileType = sourcecode.swift; path = UsagePoller.swift; sourceTree = "<group>"; };
		4B11BBF7A469AF9EE9AB6F1B /* OpenCodeModels.swift */ = {isa = PBXFileReference; lastKnownFileType = sourcecode.swift; path = OpenCodeModels.swift; sourceTree = "<group>"; };
		4C494E6766994B3BD8E6E73E /* ProviderSwitcherView.swift */ = {isa = PBXFileReference; lastKnownFileType = sourcecode.swift; path = ProviderSwitcherView.swift; sourceTree = "<group>"; };
		4FEE53F3E656CEE01303276D /* ExportService.swift */ = {isa = PBXFileReference; lastKnownFileType = sourcecode.swift; path = ExportService.swift; sourceTree = "<group>"; };
		604FDF0CE497261B6E21A4D3 /* Info.plist */ = {isa = PBXFileReference; lastKnownFileType = text.plist; path = Info.plist; sourceTree = "<group>"; };
		628ED13BBC179F5A810B04D5 /* OpenCodeLimitBar.swift */ = {isa = PBXFileReference; lastKnownFileType = sourcecode.swift; path = OpenCodeLimitBar.swift; sourceTree = "<group>"; };
		6E199B94CB7AC3BDA510D203 /* MenuBarPanelView.swift */ = {isa = PBXFileReference; lastKnownFileType = sourcecode.swift; path = MenuBarPanelView.swift; sourceTree = "<group>"; };
		70D58D5F2F2A1E7B3DEC3E19 /* ProviderLogo.swift */ = {isa = PBXFileReference; lastKnownFileType = sourcecode.swift; path = ProviderLogo.swift; sourceTree = "<group>"; };
		716EAD81D253F8A643026C2E /* MenuBarStatusRenderer.swift */ = {isa = PBXFileReference; lastKnownFileType = sourcecode.swift; path = MenuBarStatusRenderer.swift; sourceTree = "<group>"; };
		71B367D0E63975A1431C8CA9 /* OpenCodeLocalStats.swift */ = {isa = PBXFileReference; lastKnownFileType = sourcecode.swift; path = OpenCodeLocalStats.swift; sourceTree = "<group>"; };
		76A277C79F756C5E12DC6F2A /* HistoryStore.swift */ = {isa = PBXFileReference; lastKnownFileType = sourcecode.swift; path = HistoryStore.swift; sourceTree = "<group>"; };
		7FCA3E3D027C668CC43E709B /* OpenCodePanelView.swift */ = {isa = PBXFileReference; lastKnownFileType = sourcecode.swift; path = OpenCodePanelView.swift; sourceTree = "<group>"; };
		8434190BB2A2AACC130BDA60 /* AppSettings.swift */ = {isa = PBXFileReference; lastKnownFileType = sourcecode.swift; path = AppSettings.swift; sourceTree = "<group>"; };
		85841B0E36894850BF1A576A /* OpenCodeSignInSheet.swift */ = {isa = PBXFileReference; lastKnownFileType = sourcecode.swift; path = OpenCodeSignInSheet.swift; sourceTree = "<group>"; };
		8C33E36F3FD019D13237FFD3 /* MonitorProvider.swift */ = {isa = PBXFileReference; lastKnownFileType = sourcecode.swift; path = MonitorProvider.swift; sourceTree = "<group>"; };
		8E0BC76CE801363FAA18430F /* OpenCodeConsoleClient.swift */ = {isa = PBXFileReference; lastKnownFileType = sourcecode.swift; path = OpenCodeConsoleClient.swift; sourceTree = "<group>"; };
		8E2E9C4CB066395F6A02BC8E /* AppDelegate.swift */ = {isa = PBXFileReference; lastKnownFileType = sourcecode.swift; path = AppDelegate.swift; sourceTree = "<group>"; };
		91AADA89F7783EE7D54D70C3 /* HistoryChartView.swift */ = {isa = PBXFileReference; lastKnownFileType = sourcecode.swift; path = HistoryChartView.swift; sourceTree = "<group>"; };
		927FC7F105D5A400A44959D2 /* AuthSessionService.swift */ = {isa = PBXFileReference; lastKnownFileType = sourcecode.swift; path = AuthSessionService.swift; sourceTree = "<group>"; };
		A3206833D7C41B5E9F1FEFC8 /* SignInSheet.swift */ = {isa = PBXFileReference; lastKnownFileType = sourcecode.swift; path = SignInSheet.swift; sourceTree = "<group>"; };
		A4752DBA013D7F2956D12FD5 /* PreferencesView.swift */ = {isa = PBXFileReference; lastKnownFileType = sourcecode.swift; path = PreferencesView.swift; sourceTree = "<group>"; };
		A75AF7C63A703C82FC0DA22B /* SegmentedUsageBar.swift */ = {isa = PBXFileReference; lastKnownFileType = sourcecode.swift; path = SegmentedUsageBar.swift; sourceTree = "<group>"; };
		A85E5A10C560ED9397A81955 /* GrokMonitorTests.xctest */ = {isa = PBXFileReference; explicitFileType = wrapper.cfbundle; includeInIndex = 0; path = GrokMonitorTests.xctest; sourceTree = BUILT_PRODUCTS_DIR; };
		A1B2C3D4E5F60718293A4B50 /* OverviewPanelView.swift */ = {isa = PBXFileReference; lastKnownFileType = sourcecode.swift; path = OverviewPanelView.swift; sourceTree = "<group>"; };
		B2C3D4E5F60718293A4B5C60 /* UsageHeatmapView.swift */ = {isa = PBXFileReference; lastKnownFileType = sourcecode.swift; path = UsageHeatmapView.swift; sourceTree = "<group>"; };
		B88A22911E07FD50509C92C4 /* GrokMonitor.entitlements */ = {isa = PBXFileReference; lastKnownFileType = text.plist.entitlements; path = GrokMonitor.entitlements; sourceTree = "<group>"; };
		C3D4E5F60718293A4B5C6D70 /* UsageRingView.swift */ = {isa = PBXFileReference; lastKnownFileType = sourcecode.swift; path = UsageRingView.swift; sourceTree = "<group>"; };
		C2455ABC64F7C8C765CFE919 /* PrivacyInfo.xcprivacy */ = {isa = PBXFileReference; path = PrivacyInfo.xcprivacy; sourceTree = "<group>"; };
		C60D4D1325714C78F0F01705 /* GrokPanelView.swift */ = {isa = PBXFileReference; lastKnownFileType = sourcecode.swift; path = GrokPanelView.swift; sourceTree = "<group>"; };
		C9DB5D02BE5A64CB8A086A63 /* CategoryRow.swift */ = {isa = PBXFileReference; lastKnownFileType = sourcecode.swift; path = CategoryRow.swift; sourceTree = "<group>"; };
		CC55D76E34787A02E1E82C06 /* UsageClient.swift */ = {isa = PBXFileReference; lastKnownFileType = sourcecode.swift; path = UsageClient.swift; sourceTree = "<group>"; };
		CDC6ECE4EC9BE23E542D1E04 /* DailyUsageChartView.swift */ = {isa = PBXFileReference; lastKnownFileType = sourcecode.swift; path = DailyUsageChartView.swift; sourceTree = "<group>"; };
		CDF6CF74DE9913AC92B21435 /* WebKitCookieStore.swift */ = {isa = PBXFileReference; lastKnownFileType = sourcecode.swift; path = WebKitCookieStore.swift; sourceTree = "<group>"; };
		D3670E2F137C8807835FABA5 /* Domain.swift */ = {isa = PBXFileReference; lastKnownFileType = sourcecode.swift; path = Domain.swift; sourceTree = "<group>"; };
		AF41376F151E054F60FFCBE6 /* FileBackedStringStore.swift */ = {isa = PBXFileReference; lastKnownFileType = sourcecode.swift; path = FileBackedStringStore.swift; sourceTree = "<group>"; };
		8C5438C495E0AA2690B3D4F7 /* Format.swift */ = {isa = PBXFileReference; lastKnownFileType = sourcecode.swift; path = Format.swift; sourceTree = "<group>"; };
		178F127CD86BA16C76CCF3B2 /* Percent.swift */ = {isa = PBXFileReference; lastKnownFileType = sourcecode.swift; path = Percent.swift; sourceTree = "<group>"; };
		6C9CB77B64BF86FC7AD43AA0 /* PollingLoop.swift */ = {isa = PBXFileReference; lastKnownFileType = sourcecode.swift; path = PollingLoop.swift; sourceTree = "<group>"; };
		2FCE4AE7A32FD2E371B14696 /* ProviderSignInWebView.swift */ = {isa = PBXFileReference; lastKnownFileType = sourcecode.swift; path = ProviderSignInWebView.swift; sourceTree = "<group>"; };
		DE5EA661E357CE22553D1068 /* OpenCodeConsoleClientTests.swift */ = {isa = PBXFileReference; lastKnownFileType = sourcecode.swift; path = OpenCodeConsoleClientTests.swift; sourceTree = "<group>"; };
		EF74B9A780DE900A4DB0B936 /* GrokMonitorApp.swift */ = {isa = PBXFileReference; lastKnownFileType = sourcecode.swift; path = GrokMonitorApp.swift; sourceTree = "<group>"; };
		F3EB2B55FD37067376945458 /* OpenCodeAuthSession.swift */ = {isa = PBXFileReference; lastKnownFileType = sourcecode.swift; path = OpenCodeAuthSession.swift; sourceTree = "<group>"; };
		FF8C3B6CD6C813A736BE755E /* ThresholdNotifier.swift */ = {isa = PBXFileReference; lastKnownFileType = sourcecode.swift; path = ThresholdNotifier.swift; sourceTree = "<group>"; };
/* End PBXFileReference section */

/* Begin PBXGroup section */
		080A08E9F3CE0052EE9C7265 /* Auth */ = {
			isa = PBXGroup;
			children = (
				927FC7F105D5A400A44959D2 /* AuthSessionService.swift */,
				A3206833D7C41B5E9F1FEFC8 /* SignInSheet.swift */,
			);
			path = Auth;
			sourceTree = "<group>";
		};
		22DF1E485ECC6F2973A6D576 /* Grok */ = {
			isa = PBXGroup;
			children = (
				18FCA27A3605023324596923 /* UsageParsingTests.swift */,
			);
			path = Grok;
			sourceTree = "<group>";
		};
		2C813C5A4468025020A3E411 /* Shared */ = {
			isa = PBXGroup;
			children = (
				CDF6CF74DE9913AC92B21435 /* WebKitCookieStore.swift */,
				D3670E2F137C8807835FABA5 /* Domain.swift */,
				AF41376F151E054F60FFCBE6 /* FileBackedStringStore.swift */,
				8C5438C495E0AA2690B3D4F7 /* Format.swift */,
				178F127CD86BA16C76CCF3B2 /* Percent.swift */,
				6C9CB77B64BF86FC7AD43AA0 /* PollingLoop.swift */,
				2FCE4AE7A32FD2E371B14696 /* ProviderSignInWebView.swift */,
			);
			path = Shared;
			sourceTree = "<group>";
		};
		31C89734193107CAB56AC424 /* OpenCode */ = {
			isa = PBXGroup;
			children = (
				F3EB2B55FD37067376945458 /* OpenCodeAuthSession.swift */,
				8E0BC76CE801363FAA18430F /* OpenCodeConsoleClient.swift */,
				628ED13BBC179F5A810B04D5 /* OpenCodeLimitBar.swift */,
				71B367D0E63975A1431C8CA9 /* OpenCodeLocalStats.swift */,
				4B11BBF7A469AF9EE9AB6F1B /* OpenCodeModels.swift */,
				7FCA3E3D027C668CC43E709B /* OpenCodePanelView.swift */,
				85841B0E36894850BF1A576A /* OpenCodeSignInSheet.swift */,
				36FCD0085A31BE10B9A7801C /* OpenCodeUsagePoller.swift */,
			);
			path = OpenCode;
			sourceTree = "<group>";
		};
		3E73C2204C332109E5731B5A /* Products */ = {
			isa = PBXGroup;
			children = (
				001840889086CCBBBB807E55 /* GrokMonitor.app */,
				A85E5A10C560ED9397A81955 /* GrokMonitorTests.xctest */,
			);
			name = Products;
			sourceTree = "<group>";
		};
		4BDD508E5D637480B24CD2F5 /* Grok */ = {
			isa = PBXGroup;
			children = (
				C60D4D1325714C78F0F01705 /* GrokPanelView.swift */,
				791E8AA16B29789B0FF32FEF /* Alerts */,
				080A08E9F3CE0052EE9C7265 /* Auth */,
				762DEA0F02EE6AB6F333DA21 /* History */,
				A4ED5129B2880F109C1311DE /* Usage */,
			);
			path = Grok;
			sourceTree = "<group>";
		};
		61FCE7F2314B63538CC28E3E /* GrokMonitor */ = {
			isa = PBXGroup;
			children = (
				98FEED947B5A7DE488B987BC /* App */,
				B92EFAEDCD13CB9EE7D2CC13 /* Features */,
				E0E10BE51DEEC00856F995F7 /* Resources */,
			);
			path = GrokMonitor;
			sourceTree = "<group>";
		};
		62E5D7D40ABA4D58B619B45F /* MenuBar */ = {
			isa = PBXGroup;
			children = (
				C9DB5D02BE5A64CB8A086A63 /* CategoryRow.swift */,
				CDC6ECE4EC9BE23E542D1E04 /* DailyUsageChartView.swift */,
				188F2E28CE5DECF34613BF1A /* MenuBarLabelView.swift */,
				6E199B94CB7AC3BDA510D203 /* MenuBarPanelView.swift */,
				716EAD81D253F8A643026C2E /* MenuBarStatusRenderer.swift */,
				A75AF7C63A703C82FC0DA22B /* SegmentedUsageBar.swift */,
			);
			path = MenuBar;
			sourceTree = "<group>";
		};
		762DEA0F02EE6AB6F333DA21 /* History */ = {
			isa = PBXGroup;
			children = (
				4FEE53F3E656CEE01303276D /* ExportService.swift */,
				91AADA89F7783EE7D54D70C3 /* HistoryChartView.swift */,
				76A277C79F756C5E12DC6F2A /* HistoryStore.swift */,
			);
			path = History;
			sourceTree = "<group>";
		};
		791E8AA16B29789B0FF32FEF /* Alerts */ = {
			isa = PBXGroup;
			children = (
				FF8C3B6CD6C813A736BE755E /* ThresholdNotifier.swift */,
			);
			path = Alerts;
			sourceTree = "<group>";
		};
		8A8A7F8C190AE51FA44B41E4 /* OpenCode */ = {
			isa = PBXGroup;
			children = (
				DE5EA661E357CE22553D1068 /* OpenCodeConsoleClientTests.swift */,
				1E44AD2C0C9AEFC159E69BFC /* OpenCodeStatsTests.swift */,
			);
			path = OpenCode;
			sourceTree = "<group>";
		};
		98FEED947B5A7DE488B987BC /* App */ = {
			isa = PBXGroup;
			children = (
				8E2E9C4CB066395F6A02BC8E /* AppDelegate.swift */,
				EF74B9A780DE900A4DB0B936 /* GrokMonitorApp.swift */,
			);
			path = App;
			sourceTree = "<group>";
		};
		A1F050073807522CE7DEC2E3 /* Provider */ = {
			isa = PBXGroup;
			children = (
				8C33E36F3FD019D13237FFD3 /* MonitorProvider.swift */,
				70D58D5F2F2A1E7B3DEC3E19 /* ProviderLogo.swift */,
				4C494E6766994B3BD8E6E73E /* ProviderSwitcherView.swift */,
			);
			path = Provider;
			sourceTree = "<group>";
		};
		A4ED5129B2880F109C1311DE /* Usage */ = {
			isa = PBXGroup;
			children = (
				099893BAEA54B435EA2787ED /* DailyUsageBuilder.swift */,
				CC55D76E34787A02E1E82C06 /* UsageClient.swift */,
				333022ACDA654FA392653D50 /* UsageModels.swift */,
				49103C2A111BD48655B2A903 /* UsagePoller.swift */,
			);
			path = Usage;
			sourceTree = "<group>";
		};
		B92EFAEDCD13CB9EE7D2CC13 /* Features */ = {
			isa = PBXGroup;
			children = (
				4BDD508E5D637480B24CD2F5 /* Grok */,
				62E5D7D40ABA4D58B619B45F /* MenuBar */,
				31C89734193107CAB56AC424 /* OpenCode */,
				D4E5F60718293A4B5C6D7E80 /* Overview */,
				A1F050073807522CE7DEC2E3 /* Provider */,
				C3B93FE4E5DE88FEABDE6845 /* Settings */,
				2C813C5A4468025020A3E411 /* Shared */,
			);
			path = Features;
			sourceTree = "<group>";
		};
		D4E5F60718293A4B5C6D7E80 /* Overview */ = {
			isa = PBXGroup;
			children = (
				A1B2C3D4E5F60718293A4B50 /* OverviewPanelView.swift */,
				B2C3D4E5F60718293A4B5C60 /* UsageHeatmapView.swift */,
				C3D4E5F60718293A4B5C6D70 /* UsageRingView.swift */,
			);
			path = Overview;
			sourceTree = "<group>";
		};
		C3B93FE4E5DE88FEABDE6845 /* Settings */ = {
			isa = PBXGroup;
			children = (
				8434190BB2A2AACC130BDA60 /* AppSettings.swift */,
				A4752DBA013D7F2956D12FD5 /* PreferencesView.swift */,
			);
			path = Settings;
			sourceTree = "<group>";
		};
		CBF9AAC74411B42F8ED7E7EB = {
			isa = PBXGroup;
			children = (
				61FCE7F2314B63538CC28E3E /* GrokMonitor */,
				E5BDF72A45870FB85126E9F5 /* GrokMonitorTests */,
				3E73C2204C332109E5731B5A /* Products */,
			);
			sourceTree = "<group>";
		};
		E0E10BE51DEEC00856F995F7 /* Resources */ = {
			isa = PBXGroup;
			children = (
				1FEC7BFFC39AA61EA59BB394 /* Assets.xcassets */,
				B88A22911E07FD50509C92C4 /* GrokMonitor.entitlements */,
				604FDF0CE497261B6E21A4D3 /* Info.plist */,
				C2455ABC64F7C8C765CFE919 /* PrivacyInfo.xcprivacy */,
			);
			path = Resources;
			sourceTree = "<group>";
		};
		E5BDF72A45870FB85126E9F5 /* GrokMonitorTests */ = {
			isa = PBXGroup;
			children = (
				22DF1E485ECC6F2973A6D576 /* Grok */,
				8A8A7F8C190AE51FA44B41E4 /* OpenCode */,
			);
			path = GrokMonitorTests;
			sourceTree = "<group>";
		};
/* End PBXGroup section */

/* Begin PBXNativeTarget section */
		53AA1D8F88E1FD4E548365C8 /* GrokMonitor */ = {
			isa = PBXNativeTarget;
			buildConfigurationList = 88A503B5FAE87C5F78677DA9 /* Build configuration list for PBXNativeTarget "GrokMonitor" */;
			buildPhases = (
				5B970F473FDDFC3D24E1847D /* Sources */,
				18C8881916F51C648EFAE188 /* Resources */,
			);
			buildRules = (
			);
			dependencies = (
			);
			name = GrokMonitor;
			packageProductDependencies = (
			);
			productName = GrokMonitor;
			productReference = 001840889086CCBBBB807E55 /* GrokMonitor.app */;
			productType = "com.apple.product-type.application";
		};
		EFE10897F10980494822B62F /* GrokMonitorTests */ = {
			isa = PBXNativeTarget;
			buildConfigurationList = BC496532D4E63E79751EE80B /* Build configuration list for PBXNativeTarget "GrokMonitorTests" */;
			buildPhases = (
				3C8D07038A25B9E8AA1E3C31 /* Sources */,
			);
			buildRules = (
			);
			dependencies = (
				36A5E0920E19A63A2962B892 /* PBXTargetDependency */,
			);
			name = GrokMonitorTests;
			packageProductDependencies = (
			);
			productName = GrokMonitorTests;
			productReference = A85E5A10C560ED9397A81955 /* GrokMonitorTests.xctest */;
			productType = "com.apple.product-type.bundle.unit-test";
		};
/* End PBXNativeTarget section */

/* Begin PBXProject section */
		887333B3ED2DD1499B014947 /* Project object */ = {
			isa = PBXProject;
			attributes = {
				BuildIndependentTargetsInParallel = YES;
				LastUpgradeCheck = 1430;
				TargetAttributes = {
					53AA1D8F88E1FD4E548365C8 = {
						ProvisioningStyle = Automatic;
					};
					EFE10897F10980494822B62F = {
						ProvisioningStyle = Automatic;
					};
				};
			};
			buildConfigurationList = F07B025E3D0E97D9FBF57909 /* Build configuration list for PBXProject "GrokMonitor" */;
			developmentRegion = en;
			hasScannedForEncodings = 0;
			knownRegions = (
				Base,
				en,
			);
			mainGroup = CBF9AAC74411B42F8ED7E7EB;
			minimizedProjectReferenceProxies = 1;
			preferredProjectObjectVersion = 77;
			productRefGroup = 3E73C2204C332109E5731B5A /* Products */;
			projectDirPath = "";
			projectRoot = "";
			targets = (
				53AA1D8F88E1FD4E548365C8 /* GrokMonitor */,
				EFE10897F10980494822B62F /* GrokMonitorTests */,
			);
		};
/* End PBXProject section */

/* Begin PBXResourcesBuildPhase section */
		18C8881916F51C648EFAE188 /* Resources */ = {
			isa = PBXResourcesBuildPhase;
			buildActionMask = 2147483647;
			files = (
				A5BE1BFE98A3942E235E7781 /* Assets.xcassets in Resources */,
				FB4F51DC4530E953BA860AA0 /* PrivacyInfo.xcprivacy in Resources */,
			);
			runOnlyForDeploymentPostprocessing = 0;
		};
/* End PBXResourcesBuildPhase section */

/* Begin PBXSourcesBuildPhase section */
		3C8D07038A25B9E8AA1E3C31 /* Sources */ = {
			isa = PBXSourcesBuildPhase;
			buildActionMask = 2147483647;
			files = (
				371A62537527923181A090E5 /* OpenCodeConsoleClientTests.swift in Sources */,
				FDC9700F12343A83243A2059 /* OpenCodeStatsTests.swift in Sources */,
				18C93188521A263BD4165415 /* UsageParsingTests.swift in Sources */,
			);
			runOnlyForDeploymentPostprocessing = 0;
		};
		5B970F473FDDFC3D24E1847D /* Sources */ = {
			isa = PBXSourcesBuildPhase;
			buildActionMask = 2147483647;
			files = (
				4032C2DF7F31FEDA545AD787 /* AppDelegate.swift in Sources */,
				1F3A150E0A1DCA0EB803710F /* AppSettings.swift in Sources */,
				A91A249CC80CE72855F8C601 /* AuthSessionService.swift in Sources */,
				294FD8E43D412C7C475E91E0 /* CategoryRow.swift in Sources */,
				BF3FB7B1FF5138450B82DA36 /* DailyUsageBuilder.swift in Sources */,
				6DE6F030CC9A02CEA6F4C6E1 /* DailyUsageChartView.swift in Sources */,
				09CF556570B498A50F92609F /* ExportService.swift in Sources */,
				2A06ED0A41A762C1642E00AE /* GrokMonitorApp.swift in Sources */,
				77B6FCF10F9F7EFF15107E28 /* GrokPanelView.swift in Sources */,
				776CA2148C13677315CE4B75 /* HistoryChartView.swift in Sources */,
				5CF6C5516B99351E015F5ED8 /* HistoryStore.swift in Sources */,
				3F30AD864E3A39862310F058 /* MenuBarLabelView.swift in Sources */,
				4B55B4F41670CC2DF3F7E6FF /* MenuBarPanelView.swift in Sources */,
				DBF0FA2C53E3D267FEA14CCE /* MenuBarStatusRenderer.swift in Sources */,
				58C3D8ACC237E532F192D1D0 /* MonitorProvider.swift in Sources */,
				F43831F9CB41D4158E7FDED7 /* OpenCodeAuthSession.swift in Sources */,
				A6C5BDDB492E0AC4F22E49EF /* OpenCodeConsoleClient.swift in Sources */,
				190E60AF6A1292EF21B8F5DD /* OpenCodeLimitBar.swift in Sources */,
				790A2C6791D8A6040153651C /* OpenCodeLocalStats.swift in Sources */,
				C32E3B9D5275C6303B7273BC /* OpenCodeModels.swift in Sources */,
				5802B947149214A3EAE0A9FC /* OpenCodePanelView.swift in Sources */,
				02EF4DA8E771C4C0AA975079 /* OpenCodeSignInSheet.swift in Sources */,
				74556AA288365DA97385AD57 /* OpenCodeUsagePoller.swift in Sources */,
				5A1B2C3D4E5F60718293A4B5 /* OverviewPanelView.swift in Sources */,
				7BD675CE4FB5266F58C77C04 /* PreferencesView.swift in Sources */,
				52E096D43B734DF5392F5123 /* ProviderLogo.swift in Sources */,
				40EA0320462A702B0B8B6DE6 /* ProviderSwitcherView.swift in Sources */,
				02782C786E05A70F01095161 /* SegmentedUsageBar.swift in Sources */,
				547266685403C9A32CB3D248 /* SignInSheet.swift in Sources */,
				570E9320AEA0BA8B51008B5D /* ThresholdNotifier.swift in Sources */,
				601FBC959FFB9D521CFD10D8 /* UsageClient.swift in Sources */,
				5B2C3D4E5F60718293A4B5C6 /* UsageHeatmapView.swift in Sources */,
				C7EE629AE28D53ACEB6E797C /* UsageModels.swift in Sources */,
				26551CA20F20BAF33A3ACB3B /* UsagePoller.swift in Sources */,
				5C3D4E5F60718293A4B5C6D7 /* UsageRingView.swift in Sources */,
				8A8643ED54D5CCD048584A5A /* WebKitCookieStore.swift in Sources */,
				DCF68A782ADFED912F2C3C68 /* Domain.swift in Sources */,
				D3C81B5F686014604D1A153C /* FileBackedStringStore.swift in Sources */,
				5701A6C1021330051CED682E /* Format.swift in Sources */,
				59FA026EBB119802663C2D66 /* Percent.swift in Sources */,
				23777892844D8E2FAC9D2FD9 /* PollingLoop.swift in Sources */,
				878BEC5E1C5A9DE9B7C4FA4C /* ProviderSignInWebView.swift in Sources */,
			);
			runOnlyForDeploymentPostprocessing = 0;
		};
/* End PBXSourcesBuildPhase section */

/* Begin PBXTargetDependency section */
		36A5E0920E19A63A2962B892 /* PBXTargetDependency */ = {
			isa = PBXTargetDependency;
			target = 53AA1D8F88E1FD4E548365C8 /* GrokMonitor */;
			targetProxy = 156643F7123B39099D6CCC90 /* PBXContainerItemProxy */;
		};
/* End PBXTargetDependency section */

/* Begin XCBuildConfiguration section */
		6CBC7CBF37A224CBD4A2471F /* Release */ = {
			isa = XCBuildConfiguration;
			buildSettings = {
				ALWAYS_SEARCH_USER_PATHS = NO;
				CLANG_ANALYZER_NONNULL = YES;
				CLANG_ANALYZER_NUMBER_OBJECT_CONVERSION = YES_AGGRESSIVE;
				CLANG_CXX_LANGUAGE_STANDARD = "gnu++14";
				CLANG_CXX_LIBRARY = "libc++";
				CLANG_ENABLE_MODULES = YES;
				CLANG_ENABLE_OBJC_ARC = YES;
				CLANG_ENABLE_OBJC_WEAK = YES;
				CLANG_WARN_BLOCK_CAPTURE_AUTORELEASING = YES;
				CLANG_WARN_BOOL_CONVERSION = YES;
				CLANG_WARN_COMMA = YES;
				CLANG_WARN_CONSTANT_CONVERSION = YES;
				CLANG_WARN_DEPRECATED_OBJC_IMPLEMENTATIONS = YES;
				CLANG_WARN_DIRECT_OBJC_ISA_USAGE = YES_ERROR;
				CLANG_WARN_DOCUMENTATION_COMMENTS = YES;
				CLANG_WARN_EMPTY_BODY = YES;
				CLANG_WARN_ENUM_CONVERSION = YES;
				CLANG_WARN_INFINITE_RECURSION = YES;
				CLANG_WARN_INT_CONVERSION = YES;
				CLANG_WARN_NON_LITERAL_NULL_CONVERSION = YES;
				CLANG_WARN_OBJC_IMPLICIT_RETAIN_SELF = YES;
				CLANG_WARN_OBJC_LITERAL_CONVERSION = YES;
				CLANG_WARN_OBJC_ROOT_CLASS = YES_ERROR;
				CLANG_WARN_QUOTED_INCLUDE_IN_FRAMEWORK_HEADER = YES;
				CLANG_WARN_RANGE_LOOP_ANALYSIS = YES;
				CLANG_WARN_STRICT_PROTOTYPES = YES;
				CLANG_WARN_SUSPICIOUS_MOVE = YES;
				CLANG_WARN_UNGUARDED_AVAILABILITY = YES_AGGRESSIVE;
				CLANG_WARN_UNREACHABLE_CODE = YES;
				CLANG_WARN__DUPLICATE_METHOD_MATCH = YES;
				CODE_SIGN_STYLE = Automatic;
				COPY_PHASE_STRIP = NO;
				DEBUG_INFORMATION_FORMAT = "dwarf-with-dsym";
				ENABLE_HARDENED_RUNTIME = YES;
				ENABLE_NS_ASSERTIONS = NO;
				ENABLE_STRICT_OBJC_MSGSEND = YES;
				GCC_C_LANGUAGE_STANDARD = gnu11;
				GCC_NO_COMMON_BLOCKS = YES;
				GCC_WARN_64_TO_32_BIT_CONVERSION = YES;
				GCC_WARN_ABOUT_RETURN_TYPE = YES_ERROR;
				GCC_WARN_UNDECLARED_SELECTOR = YES;
				GCC_WARN_UNINITIALIZED_AUTOS = YES_AGGRESSIVE;
				GCC_WARN_UNUSED_FUNCTION = YES;
				GCC_WARN_UNUSED_VARIABLE = YES;
				MACOSX_DEPLOYMENT_TARGET = 14.0;
				MTL_ENABLE_DEBUG_INFO = NO;
				MTL_FAST_MATH = YES;
				PRODUCT_NAME = "$(TARGET_NAME)";
				SDKROOT = macosx;
				SWIFT_COMPILATION_MODE = wholemodule;
				SWIFT_OPTIMIZATION_LEVEL = "-O";
				SWIFT_VERSION = 5.10;
			};
			name = Release;
		};
		7F31561DCAC99FF1CD25E8EA /* Debug */ = {
			isa = XCBuildConfiguration;
			buildSettings = {
				BUNDLE_LOADER = "$(TEST_HOST)";
				COMBINE_HIDPI_IMAGES = YES;
				ENABLE_TESTING_SEARCH_PATHS = YES;
				GENERATE_INFOPLIST_FILE = YES;
				LD_RUNPATH_SEARCH_PATHS = (
					"$(inherited)",
					"@executable_path/../Frameworks",
					"@loader_path/../Frameworks",
				);
				PRODUCT_BUNDLE_IDENTIFIER = com.grokmonitor.tests;
				SDKROOT = macosx;
				TEST_HOST = "$(BUILT_PRODUCTS_DIR)/Grok Monitor.app/Contents/MacOS/Grok Monitor";
			};
			name = Debug;
		};
		AF1E6EBF56B198C32E113184 /* Release */ = {
			isa = XCBuildConfiguration;
			buildSettings = {
				BUNDLE_LOADER = "$(TEST_HOST)";
				COMBINE_HIDPI_IMAGES = YES;
				ENABLE_TESTING_SEARCH_PATHS = YES;
				GENERATE_INFOPLIST_FILE = YES;
				LD_RUNPATH_SEARCH_PATHS = (
					"$(inherited)",
					"@executable_path/../Frameworks",
					"@loader_path/../Frameworks",
				);
				PRODUCT_BUNDLE_IDENTIFIER = com.grokmonitor.tests;
				SDKROOT = macosx;
				TEST_HOST = "$(BUILT_PRODUCTS_DIR)/Grok Monitor.app/Contents/MacOS/Grok Monitor";
			};
			name = Release;
		};
		B2403F11B1F69DECDE7DA1D8 /* Debug */ = {
			isa = XCBuildConfiguration;
			buildSettings = {
				ASSETCATALOG_COMPILER_APPICON_NAME = AppIcon;
				CODE_SIGN_ENTITLEMENTS = GrokMonitor/Resources/GrokMonitor.entitlements;
				COMBINE_HIDPI_IMAGES = YES;
				CURRENT_PROJECT_VERSION = 1;
				ENABLE_TESTABILITY = YES;
				GENERATE_INFOPLIST_FILE = NO;
				INFOPLIST_FILE = GrokMonitor/Resources/Info.plist;
				LD_RUNPATH_SEARCH_PATHS = "@executable_path/../Frameworks";
				MARKETING_VERSION = 1.0.0;
				PRIVACY_MANIFEST_FILE = GrokMonitor/Resources/PrivacyInfo.xcprivacy;
				PRODUCT_BUNDLE_IDENTIFIER = com.grokmonitor.app;
				PRODUCT_MODULE_NAME = GrokMonitor;
				PRODUCT_NAME = "Grok Monitor";
				SDKROOT = macosx;
			};
			name = Debug;
		};
		D43AA2FB97189209F3FD7A0A /* Release */ = {
			isa = XCBuildConfiguration;
			buildSettings = {
				ASSETCATALOG_COMPILER_APPICON_NAME = AppIcon;
				CODE_SIGN_ENTITLEMENTS = GrokMonitor/Resources/GrokMonitor.entitlements;
				COMBINE_HIDPI_IMAGES = YES;
				CURRENT_PROJECT_VERSION = 1;
				GENERATE_INFOPLIST_FILE = NO;
				INFOPLIST_FILE = GrokMonitor/Resources/Info.plist;
				LD_RUNPATH_SEARCH_PATHS = "@executable_path/../Frameworks";
				MARKETING_VERSION = 1.0.0;
				PRIVACY_MANIFEST_FILE = GrokMonitor/Resources/PrivacyInfo.xcprivacy;
				PRODUCT_BUNDLE_IDENTIFIER = com.grokmonitor.app;
				PRODUCT_MODULE_NAME = GrokMonitor;
				PRODUCT_NAME = "Grok Monitor";
				SDKROOT = macosx;
			};
			name = Release;
		};
		EC772CF63FC6205E9B92D337 /* Debug */ = {
			isa = XCBuildConfiguration;
			buildSettings = {
				ALWAYS_SEARCH_USER_PATHS = NO;
				CLANG_ANALYZER_NONNULL = YES;
				CLANG_ANALYZER_NUMBER_OBJECT_CONVERSION = YES_AGGRESSIVE;
				CLANG_CXX_LANGUAGE_STANDARD = "gnu++14";
				CLANG_CXX_LIBRARY = "libc++";
				CLANG_ENABLE_MODULES = YES;
				CLANG_ENABLE_OBJC_ARC = YES;
				CLANG_ENABLE_OBJC_WEAK = YES;
				CLANG_WARN_BLOCK_CAPTURE_AUTORELEASING = YES;
				CLANG_WARN_BOOL_CONVERSION = YES;
				CLANG_WARN_COMMA = YES;
				CLANG_WARN_CONSTANT_CONVERSION = YES;
				CLANG_WARN_DEPRECATED_OBJC_IMPLEMENTATIONS = YES;
				CLANG_WARN_DIRECT_OBJC_ISA_USAGE = YES_ERROR;
				CLANG_WARN_DOCUMENTATION_COMMENTS = YES;
				CLANG_WARN_EMPTY_BODY = YES;
				CLANG_WARN_ENUM_CONVERSION = YES;
				CLANG_WARN_INFINITE_RECURSION = YES;
				CLANG_WARN_INT_CONVERSION = YES;
				CLANG_WARN_NON_LITERAL_NULL_CONVERSION = YES;
				CLANG_WARN_OBJC_IMPLICIT_RETAIN_SELF = YES;
				CLANG_WARN_OBJC_LITERAL_CONVERSION = YES;
				CLANG_WARN_OBJC_ROOT_CLASS = YES_ERROR;
				CLANG_WARN_QUOTED_INCLUDE_IN_FRAMEWORK_HEADER = YES;
				CLANG_WARN_RANGE_LOOP_ANALYSIS = YES;
				CLANG_WARN_STRICT_PROTOTYPES = YES;
				CLANG_WARN_SUSPICIOUS_MOVE = YES;
				CLANG_WARN_UNGUARDED_AVAILABILITY = YES_AGGRESSIVE;
				CLANG_WARN_UNREACHABLE_CODE = YES;
				CLANG_WARN__DUPLICATE_METHOD_MATCH = YES;
				CODE_SIGN_STYLE = Automatic;
				COPY_PHASE_STRIP = NO;
				DEBUG_INFORMATION_FORMAT = dwarf;
				ENABLE_HARDENED_RUNTIME = YES;
				ENABLE_STRICT_OBJC_MSGSEND = YES;
				ENABLE_TESTABILITY = YES;
				GCC_C_LANGUAGE_STANDARD = gnu11;
				GCC_DYNAMIC_NO_PIC = NO;
				GCC_NO_COMMON_BLOCKS = YES;
				GCC_OPTIMIZATION_LEVEL = 0;
				GCC_PREPROCESSOR_DEFINITIONS = (
					"$(inherited)",
					"DEBUG=1",
				);
				GCC_WARN_64_TO_32_BIT_CONVERSION = YES;
				GCC_WARN_ABOUT_RETURN_TYPE = YES_ERROR;
				GCC_WARN_UNDECLARED_SELECTOR = YES;
				GCC_WARN_UNINITIALIZED_AUTOS = YES_AGGRESSIVE;
				GCC_WARN_UNUSED_FUNCTION = YES;
				GCC_WARN_UNUSED_VARIABLE = YES;
				MACOSX_DEPLOYMENT_TARGET = 14.0;
				MTL_ENABLE_DEBUG_INFO = INCLUDE_SOURCE;
				MTL_FAST_MATH = YES;
				ONLY_ACTIVE_ARCH = YES;
				PRODUCT_NAME = "$(TARGET_NAME)";
				SDKROOT = macosx;
				SWIFT_ACTIVE_COMPILATION_CONDITIONS = DEBUG;
				SWIFT_OPTIMIZATION_LEVEL = "-Onone";
				SWIFT_VERSION = 5.10;
			};
			name = Debug;
		};
/* End XCBuildConfiguration section */

/* Begin XCConfigurationList section */
		88A503B5FAE87C5F78677DA9 /* Build configuration list for PBXNativeTarget "GrokMonitor" */ = {
			isa = XCConfigurationList;
			buildConfigurations = (
				B2403F11B1F69DECDE7DA1D8 /* Debug */,
				D43AA2FB97189209F3FD7A0A /* Release */,
			);
			defaultConfigurationIsVisible = 0;
			defaultConfigurationName = Debug;
		};
		BC496532D4E63E79751EE80B /* Build configuration list for PBXNativeTarget "GrokMonitorTests" */ = {
			isa = XCConfigurationList;
			buildConfigurations = (
				7F31561DCAC99FF1CD25E8EA /* Debug */,
				AF1E6EBF56B198C32E113184 /* Release */,
			);
			defaultConfigurationIsVisible = 0;
			defaultConfigurationName = Debug;
		};
		F07B025E3D0E97D9FBF57909 /* Build configuration list for PBXProject "GrokMonitor" */ = {
			isa = XCConfigurationList;
			buildConfigurations = (
				EC772CF63FC6205E9B92D337 /* Debug */,
				6CBC7CBF37A224CBD4A2471F /* Release */,
			);
			defaultConfigurationIsVisible = 0;
			defaultConfigurationName = Debug;
		};
/* End XCConfigurationList section */
	};
	rootObject = 887333B3ED2DD1499B014947 /* Project object */;
}
